// !$*UTF8*$!
{
	archiveVersion = 1;
	classes = {
	};
	objectVersion = 55;
	objects = {

/* Begin PBXBuildFile section */
		AC25032229F01487008758A2 /* QuestionsRepository.swift in Sources */ = {isa = PBXBuildFile; fileRef = AC25032129F01487008758A2 /* QuestionsRepository.swift */; };
		AC25032429F0149A008758A2 /* QuestionModel.swift in Sources */ = {isa = PBXBuildFile; fileRef = AC25032329F0149A008758A2 /* QuestionModel.swift */; };
		AC25032829F01A29008758A2 /* rightBtn.png in Resources */ = {isa = PBXBuildFile; fileRef = AC25032529F01A29008758A2 /* rightBtn.png */; };
		AC25032929F01A29008758A2 /* wrongBtn.png in Resources */ = {isa = PBXBuildFile; fileRef = AC25032629F01A29008758A2 /* wrongBtn.png */; };
		AC25032A29F01A29008758A2 /* defaultBtn.png in Resources */ = {isa = PBXBuildFile; fileRef = AC25032729F01A29008758A2 /* defaultBtn.png */; };
		AC25032C29F05393008758A2 /* Score.swift in Sources */ = {isa = PBXBuildFile; fileRef = AC25032B29F05393008758A2 /* Score.swift */; };
		AC25032F29F05C42008758A2 /* scores.db in Resources */ = {isa = PBXBuildFile; fileRef = AC25032E29F05C42008758A2 /* scores.db */; };
		AC25033929F06E4F008758A2 /* ScoreCell.swift in Sources */ = {isa = PBXBuildFile; fileRef = AC25033829F06E4F008758A2 /* ScoreCell.swift */; };
		AC25033B29F076B8008758A2 /* TableScoreViewController.swift in Sources */ = {isa = PBXBuildFile; fileRef = AC25033A29F076B8008758A2 /* TableScoreViewController.swift */; };
		AC766DEC29C4E08100383D0E /* QuizModel.swift in Sources */ = {isa = PBXBuildFile; fileRef = AC766DEB29C4E08100383D0E /* QuizModel.swift */; };
		AC766DEE29C4E09500383D0E /* QuizViewController.swift in Sources */ = {isa = PBXBuildFile; fileRef = AC766DED29C4E09500383D0E /* QuizViewController.swift */; };
		ACEBB72929C3B2A9009D67BD /* AppDelegate.swift in Sources */ = {isa = PBXBuildFile; fileRef = ACEBB72829C3B2A9009D67BD /* AppDelegate.swift */; };
		ACEBB72B29C3B2A9009D67BD /* SceneDelegate.swift in Sources */ = {isa = PBXBuildFile; fileRef = ACEBB72A29C3B2A9009D67BD /* SceneDelegate.swift */; };
		ACEBB72D29C3B2A9009D67BD /* ViewController.swift in Sources */ = {isa = PBXBuildFile; fileRef = ACEBB72C29C3B2A9009D67BD /* ViewController.swift */; };
		ACEBB73029C3B2A9009D67BD /* Main.storyboard in Resources */ = {isa = PBXBuildFile; fileRef = ACEBB72E29C3B2A9009D67BD /* Main.storyboard */; };
		ACEBB73229C3B2AA009D67BD /* Assets.xcassets in Resources */ = {isa = PBXBuildFile; fileRef = ACEBB73129C3B2AA009D67BD /* Assets.xcassets */; };
		ACEBB73529C3B2AA009D67BD /* LaunchScreen.storyboard in Resources */ = {isa = PBXBuildFile; fileRef = ACEBB73329C3B2AA009D67BD /* LaunchScreen.storyboard */; };
		B353AB1029E265140069982A /* WebViewController.swift in Sources */ = {isa = PBXBuildFile; fileRef = B353AB0F29E265140069982A /* WebViewController.swift */; };
		B353AB1229E434230069982A /* Alphabet.jpeg in Resources */ = {isa = PBXBuildFile; fileRef = B353AB1129E434230069982A /* Alphabet.jpeg */; };
		B353AB1429E4351A0069982A /* AlphabetController.swift in Sources */ = {isa = PBXBuildFile; fileRef = B353AB1329E4351A0069982A /* AlphabetController.swift */; };
		B353AB1629E4371B0069982A /* SiteCell.swift in Sources */ = {isa = PBXBuildFile; fileRef = B353AB1529E4371B0069982A /* SiteCell.swift */; };
		B353AB1A29E43C230069982A /* Alphabet.swift in Sources */ = {isa = PBXBuildFile; fileRef = B353AB1929E43C230069982A /* Alphabet.swift */; };
		B37356EC29F087710094DA25 /* Star.mp3 in Resources */ = {isa = PBXBuildFile; fileRef = B37356DD29F087700094DA25 /* Star.mp3 */; };
		B37356ED29F087710094DA25 /* Circle.mp3 in Resources */ = {isa = PBXBuildFile; fileRef = B37356DE29F087700094DA25 /* Circle.mp3 */; };
		B37356EE29F087710094DA25 /* Brown.mp3 in Resources */ = {isa = PBXBuildFile; fileRef = B37356DF29F087700094DA25 /* Brown.mp3 */; };
		B37356EF29F087710094DA25 /* White.mp3 in Resources */ = {isa = PBXBuildFile; fileRef = B37356E029F087700094DA25 /* White.mp3 */; };
		B37356F029F087710094DA25 /* Triangle.mp3 in Resources */ = {isa = PBXBuildFile; fileRef = B37356E129F087700094DA25 /* Triangle.mp3 */; };
		B37356F129F087710094DA25 /* Black.mp3 in Resources */ = {isa = PBXBuildFile; fileRef = B37356E229F087700094DA25 /* Black.mp3 */; };
		B37356F229F087710094DA25 /* Oval.mp3 in Resources */ = {isa = PBXBuildFile; fileRef = B37356E329F087700094DA25 /* Oval.mp3 */; };
		B37356F329F087710094DA25 /* Square.mp3 in Resources */ = {isa = PBXBuildFile; fileRef = B37356E429F087700094DA25 /* Square.mp3 */; };
		B37356F429F087710094DA25 /* Rectangle.mp3 in Resources */ = {isa = PBXBuildFile; fileRef = B37356E529F087700094DA25 /* Rectangle.mp3 */; };
		B37356F529F087710094DA25 /* Pink.mp3 in Resources */ = {isa = PBXBuildFile; fileRef = B37356E629F087710094DA25 /* Pink.mp3 */; };
		B37356F629F087710094DA25 /* Purple.mp3 in Resources */ = {isa = PBXBuildFile; fileRef = B37356E729F087710094DA25 /* Purple.mp3 */; };
		B37356F729F087710094DA25 /* Diamond.mp3 in Resources */ = {isa = PBXBuildFile; fileRef = B37356E829F087710094DA25 /* Diamond.mp3 */; };
		B37356F829F087710094DA25 /* Red.mp3 in Resources */ = {isa = PBXBuildFile; fileRef = B37356E929F087710094DA25 /* Red.mp3 */; };
		B37356F929F087710094DA25 /* Green.mp3 in Resources */ = {isa = PBXBuildFile; fileRef = B37356EA29F087710094DA25 /* Green.mp3 */; };
		B37356FA29F087710094DA25 /* Yellow.mp3 in Resources */ = {isa = PBXBuildFile; fileRef = B37356EB29F087710094DA25 /* Yellow.mp3 */; };
		B37F298029E1C2B2005A4D34 /* Kids_App_2.png in Resources */ = {isa = PBXBuildFile; fileRef = B37F297B29E1C2B2005A4D34 /* Kids_App_2.png */; };
		B37F298129E1C2B2005A4D34 /* Kids_App_1.png in Resources */ = {isa = PBXBuildFile; fileRef = B37F297C29E1C2B2005A4D34 /* Kids_App_1.png */; };
		B37F298229E1C2B2005A4D34 /* Kids_App_3.png in Resources */ = {isa = PBXBuildFile; fileRef = B37F297D29E1C2B2005A4D34 /* Kids_App_3.png */; };
		B37F298329E1C2B2005A4D34 /* Kids_App_4.png in Resources */ = {isa = PBXBuildFile; fileRef = B37F297E29E1C2B2005A4D34 /* Kids_App_4.png */; };
		B37F298429E1C2B2005A4D34 /* Kids_App-01.png in Resources */ = {isa = PBXBuildFile; fileRef = B37F297F29E1C2B2005A4D34 /* Kids_App-01.png */; };
		B37F298629E230B0005A4D34 /* SettingViewController.swift in Sources */ = {isa = PBXBuildFile; fileRef = B37F298529E230B0005A4D34 /* SettingViewController.swift */; };
		B37F298829E230D4005A4D34 /* AboutUsViewController.swift in Sources */ = {isa = PBXBuildFile; fileRef = B37F298729E230D4005A4D34 /* AboutUsViewController.swift */; };
		B37F298A29E23106005A4D34 /* SoundsViewController.swift in Sources */ = {isa = PBXBuildFile; fileRef = B37F298929E23106005A4D34 /* SoundsViewController.swift */; };
		B37F298C29E24A72005A4D34 /* facebook.png in Resources */ = {isa = PBXBuildFile; fileRef = B37F298B29E24A72005A4D34 /* facebook.png */; };
		B393B7BA29ED71CB00FA2588 /* SoundManager.swift in Sources */ = {isa = PBXBuildFile; fileRef = B393B7B929ED71CB00FA2588 /* SoundManager.swift */; };
		B393B8E729ED774200FA2588 /* A a.mp3 in Resources */ = {isa = PBXBuildFile; fileRef = B393B8E629ED774200FA2588 /* A a.mp3 */; };
		B393B8FF29ED775A00FA2588 /* R r.mp3 in Resources */ = {isa = PBXBuildFile; fileRef = B393B8E829ED775800FA2588 /* R r.mp3 */; };
		B393B90029ED775A00FA2588 /* X x.mp3 in Resources */ = {isa = PBXBuildFile; fileRef = B393B8E929ED775800FA2588 /* X x.mp3 */; };
		B393B90129ED775A00FA2588 /* P p.mp3 in Resources */ = {isa = PBXBuildFile; fileRef = B393B8EA29ED775800FA2588 /* P p.mp3 */; };
		B393B90229ED775A00FA2588 /* L l.mp3 in Resources */ = {isa = PBXBuildFile; fileRef = B393B8EB29ED775800FA2588 /* L l.mp3 */; };
		B393B90329ED775A00FA2588 /* M m.mp3 in Resources */ = {isa = PBXBuildFile; fileRef = B393B8EC29ED775800FA2588 /* M m.mp3 */; };
		B393B90429ED775A00FA2588 /* F f.mp3 in Resources */ = {isa = PBXBuildFile; fileRef = B393B8ED29ED775900FA2588 /* F f.mp3 */; };
		B393B90529ED775A00FA2588 /* N n.mp3 in Resources */ = {isa = PBXBuildFile; fileRef = B393B8EE29ED775900FA2588 /* N n.mp3 */; };
		B393B90629ED775A00FA2588 /* Z z.mp3 in Resources */ = {isa = PBXBuildFile; fileRef = B393B8EF29ED775900FA2588 /* Z z.mp3 */; };
		B393B90729ED775A00FA2588 /* B b.mp3 in Resources */ = {isa = PBXBuildFile; fileRef = B393B8F029ED775900FA2588 /* B b.mp3 */; };
		B393B90829ED775A00FA2588 /* T t.mp3 in Resources */ = {isa = PBXBuildFile; fileRef = B393B8F129ED775900FA2588 /* T t.mp3 */; };
		B393B90929ED775A00FA2588 /* W w.mp3 in Resources */ = {isa = PBXBuildFile; fileRef = B393B8F229ED775900FA2588 /* W w.mp3 */; };
		B393B90A29ED775A00FA2588 /* Q q.mp3 in Resources */ = {isa = PBXBuildFile; fileRef = B393B8F329ED775900FA2588 /* Q q.mp3 */; };
		B393B90B29ED775A00FA2588 /* D d.mp3 in Resources */ = {isa = PBXBuildFile; fileRef = B393B8F429ED775900FA2588 /* D d.mp3 */; };
		B393B90C29ED775A00FA2588 /* O o.mp3 in Resources */ = {isa = PBXBuildFile; fileRef = B393B8F529ED775900FA2588 /* O o.mp3 */; };
		B393B90D29ED775A00FA2588 /* S s.mp3 in Resources */ = {isa = PBXBuildFile; fileRef = B393B8F629ED775900FA2588 /* S s.mp3 */; };
		B393B90E29ED775A00FA2588 /* C c.mp3 in Resources */ = {isa = PBXBuildFile; fileRef = B393B8F729ED775900FA2588 /* C c.mp3 */; };
		B393B90F29ED775A00FA2588 /* U u.mp3 in Resources */ = {isa = PBXBuildFile; fileRef = B393B8F829ED775900FA2588 /* U u.mp3 */; };
		B393B91029ED775A00FA2588 /* V v.mp3 in Resources */ = {isa = PBXBuildFile; fileRef = B393B8F929ED775900FA2588 /* V v.mp3 */; };
		B393B91129ED775A00FA2588 /* J j.mp3 in Resources */ = {isa = PBXBuildFile; fileRef = B393B8FA29ED775900FA2588 /* J j.mp3 */; };
		B393B91229ED775A00FA2588 /* K k.mp3 in Resources */ = {isa = PBXBuildFile; fileRef = B393B8FB29ED775900FA2588 /* K k.mp3 */; };
		B393B91329ED775A00FA2588 /* Y y.mp3 in Resources */ = {isa = PBXBuildFile; fileRef = B393B8FC29ED775900FA2588 /* Y y.mp3 */; };
		B393B91429ED775A00FA2588 /* G g.mp3 in Resources */ = {isa = PBXBuildFile; fileRef = B393B8FD29ED775A00FA2588 /* G g.mp3 */; };
		B393B91529ED775A00FA2588 /* H h.mp3 in Resources */ = {isa = PBXBuildFile; fileRef = B393B8FE29ED775A00FA2588 /* H h.mp3 */; };
		B393B91729EDD8AD00FA2588 /* background2.png in Resources */ = {isa = PBXBuildFile; fileRef = B393B91629EDD8AD00FA2588 /* background2.png */; };
		B393B93229EDDBBA00FA2588 /* G g.png in Resources */ = {isa = PBXBuildFile; fileRef = B393B91829EDDBB800FA2588 /* G g.png */; };
		B393B93329EDDBBA00FA2588 /* Z z.png in Resources */ = {isa = PBXBuildFile; fileRef = B393B91929EDDBB800FA2588 /* Z z.png */; };
		B393B93429EDDBBA00FA2588 /* O o.png in Resources */ = {isa = PBXBuildFile; fileRef = B393B91A29EDDBB800FA2588 /* O o.png */; };
		B393B93529EDDBBA00FA2588 /* F f.png in Resources */ = {isa = PBXBuildFile; fileRef = B393B91B29EDDBB800FA2588 /* F f.png */; };
		B393B93629EDDBBA00FA2588 /* C c.png in Resources */ = {isa = PBXBuildFile; fileRef = B393B91C29EDDBB800FA2588 /* C c.png */; };
		B393B93729EDDBBA00FA2588 /* W w.png in Resources */ = {isa = PBXBuildFile; fileRef = B393B91D29EDDBB800FA2588 /* W w.png */; };
		B393B93829EDDBBA00FA2588 /* P p.png in Resources */ = {isa = PBXBuildFile; fileRef = B393B91E29EDDBB800FA2588 /* P p.png */; };
		B393B93929EDDBBA00FA2588 /* X x.png in Resources */ = {isa = PBXBuildFile; fileRef = B393B91F29EDDBB800FA2588 /* X x.png */; };
		B393B93A29EDDBBA00FA2588 /* V v.png in Resources */ = {isa = PBXBuildFile; fileRef = B393B92029EDDBB800FA2588 /* V v.png */; };
		B393B93B29EDDBBA00FA2588 /* J j.png in Resources */ = {isa = PBXBuildFile; fileRef = B393B92129EDDBB900FA2588 /* J j.png */; };
		B393B93C29EDDBBA00FA2588 /* D d.png in Resources */ = {isa = PBXBuildFile; fileRef = B393B92229EDDBB900FA2588 /* D d.png */; };
		B393B93D29EDDBBA00FA2588 /* B b.png in Resources */ = {isa = PBXBuildFile; fileRef = B393B92329EDDBB900FA2588 /* B b.png */; };
		B393B93E29EDDBBA00FA2588 /* Q q.png in Resources */ = {isa = PBXBuildFile; fileRef = B393B92429EDDBB900FA2588 /* Q q.png */; };
		B393B93F29EDDBBA00FA2588 /* I i.png in Resources */ = {isa = PBXBuildFile; fileRef = B393B92529EDDBB900FA2588 /* I i.png */; };
		B393B94029EDDBBA00FA2588 /* N n.png in Resources */ = {isa = PBXBuildFile; fileRef = B393B92629EDDBB900FA2588 /* N n.png */; };
		B393B94129EDDBBA00FA2588 /* Y y.png in Resources */ = {isa = PBXBuildFile; fileRef = B393B92729EDDBB900FA2588 /* Y y.png */; };
		B393B94229EDDBBA00FA2588 /* A a.png in Resources */ = {isa = PBXBuildFile; fileRef = B393B92829EDDBB900FA2588 /* A a.png */; };
		B393B94329EDDBBA00FA2588 /* K k.png in Resources */ = {isa = PBXBuildFile; fileRef = B393B92929EDDBB900FA2588 /* K k.png */; };
		B393B94429EDDBBA00FA2588 /* U u.png in Resources */ = {isa = PBXBuildFile; fileRef = B393B92A29EDDBBA00FA2588 /* U u.png */; };
		B393B94529EDDBBA00FA2588 /* S s.png in Resources */ = {isa = PBXBuildFile; fileRef = B393B92B29EDDBBA00FA2588 /* S s.png */; };
		B393B94629EDDBBA00FA2588 /* H h.png in Resources */ = {isa = PBXBuildFile; fileRef = B393B92C29EDDBBA00FA2588 /* H h.png */; };
		B393B94729EDDBBA00FA2588 /* R r.png in Resources */ = {isa = PBXBuildFile; fileRef = B393B92D29EDDBBA00FA2588 /* R r.png */; };
		B393B94829EDDBBA00FA2588 /* M m.png in Resources */ = {isa = PBXBuildFile; fileRef = B393B92E29EDDBBA00FA2588 /* M m.png */; };
		B393B94929EDDBBA00FA2588 /* E e.png in Resources */ = {isa = PBXBuildFile; fileRef = B393B92F29EDDBBA00FA2588 /* E e.png */; };
		B393B94A29EDDBBA00FA2588 /* T t.png in Resources */ = {isa = PBXBuildFile; fileRef = B393B93029EDDBBA00FA2588 /* T t.png */; };
		B393B94B29EDDBBA00FA2588 /* L l.png in Resources */ = {isa = PBXBuildFile; fileRef = B393B93129EDDBBA00FA2588 /* L l.png */; };
		B393B94D29EDEE5500FA2588 /* E_e.mp3 in Resources */ = {isa = PBXBuildFile; fileRef = B393B94C29EDEE5500FA2588 /* E_e.mp3 */; };
		B393B95529EDEEAC00FA2588 /* Carrot.mp3 in Resources */ = {isa = PBXBuildFile; fileRef = B393B94E29EDEEAC00FA2588 /* Carrot.mp3 */; };
		B393B95629EDEEAC00FA2588 /* Eggplant.mp3 in Resources */ = {isa = PBXBuildFile; fileRef = B393B94F29EDEEAC00FA2588 /* Eggplant.mp3 */; };
		B393B95729EDEEAC00FA2588 /* Pepper.mp3 in Resources */ = {isa = PBXBuildFile; fileRef = B393B95029EDEEAC00FA2588 /* Pepper.mp3 */; };
		B393B95829EDEEAC00FA2588 /* Greenbeans.mp3 in Resources */ = {isa = PBXBuildFile; fileRef = B393B95129EDEEAC00FA2588 /* Greenbeans.mp3 */; };
		B393B95929EDEEAC00FA2588 /* Spinach.mp3 in Resources */ = {isa = PBXBuildFile; fileRef = B393B95229EDEEAC00FA2588 /* Spinach.mp3 */; };
		B393B95A29EDEEAC00FA2588 /* Artichoke.mp3 in Resources */ = {isa = PBXBuildFile; fileRef = B393B95329EDEEAC00FA2588 /* Artichoke.mp3 */; };
		B393B95B29EDEEAC00FA2588 /* Lettuce.mp3 in Resources */ = {isa = PBXBuildFile; fileRef = B393B95429EDEEAC00FA2588 /* Lettuce.mp3 */; };
		B393B96329EDEF0400FA2588 /* Greenbeans.png in Resources */ = {isa = PBXBuildFile; fileRef = B393B95C29EDEF0300FA2588 /* Greenbeans.png */; };
		B393B96429EDEF0400FA2588 /* Spinach.png in Resources */ = {isa = PBXBuildFile; fileRef = B393B95D29EDEF0400FA2588 /* Spinach.png */; };
		B393B96529EDEF0400FA2588 /* Pepper.png in Resources */ = {isa = PBXBuildFile; fileRef = B393B95E29EDEF0400FA2588 /* Pepper.png */; };
		B393B96629EDEF0400FA2588 /* Lettuce.png in Resources */ = {isa = PBXBuildFile; fileRef = B393B95F29EDEF0400FA2588 /* Lettuce.png */; };
		B393B96729EDEF0400FA2588 /* Eggplant.png in Resources */ = {isa = PBXBuildFile; fileRef = B393B96029EDEF0400FA2588 /* Eggplant.png */; };
		B393B96829EDEF0400FA2588 /* Artichoke.png in Resources */ = {isa = PBXBuildFile; fileRef = B393B96129EDEF0400FA2588 /* Artichoke.png */; };
		B393B96929EDEF0400FA2588 /* Carrot.png in Resources */ = {isa = PBXBuildFile; fileRef = B393B96229EDEF0400FA2588 /* Carrot.png */; };
		B393B96B29EDEF1D00FA2588 /* Vegetable.swift in Sources */ = {isa = PBXBuildFile; fileRef = B393B96A29EDEF1D00FA2588 /* Vegetable.swift */; };
		B393B96D29EDF05600FA2588 /* vege.jpg in Resources */ = {isa = PBXBuildFile; fileRef = B393B96C29EDF05600FA2588 /* vege.jpg */; };
		B393B96F29EDF17200FA2588 /* VegetableViewController.swift in Sources */ = {isa = PBXBuildFile; fileRef = B393B96E29EDF17200FA2588 /* VegetableViewController.swift */; };
		B393B97129EDFF9900FA2588 /* ShapesViewController.swift in Sources */ = {isa = PBXBuildFile; fileRef = B393B97029EDFF9900FA2588 /* ShapesViewController.swift */; };
		B393B97329EE034900FA2588 /* Shape.swift in Sources */ = {isa = PBXBuildFile; fileRef = B393B97229EE034900FA2588 /* Shape.swift */; };
		B393B97529EE035800FA2588 /* Color.swift in Sources */ = {isa = PBXBuildFile; fileRef = B393B97429EE035800FA2588 /* Color.swift */; };
		B393B97729EE037D00FA2588 /* ColorViewController.swift in Sources */ = {isa = PBXBuildFile; fileRef = B393B97629EE037D00FA2588 /* ColorViewController.swift */; };
		B393B97929EE041200FA2588 /* Color.png in Resources */ = {isa = PBXBuildFile; fileRef = B393B97829EE041200FA2588 /* Color.png */; };
		B393B97B29EE04F700FA2588 /* Shapes.png in Resources */ = {isa = PBXBuildFile; fileRef = B393B97A29EE04F700FA2588 /* Shapes.png */; };
		B393B99429EE125D00FA2588 /* Black.png in Resources */ = {isa = PBXBuildFile; fileRef = B393B98C29EE125B00FA2588 /* Black.png */; };
		B393B99529EE125D00FA2588 /* Red.png in Resources */ = {isa = PBXBuildFile; fileRef = B393B98D29EE125C00FA2588 /* Red.png */; };
		B393B99629EE125D00FA2588 /* Pink.png in Resources */ = {isa = PBXBuildFile; fileRef = B393B98E29EE125C00FA2588 /* Pink.png */; };
		B393B99729EE125D00FA2588 /* White.png in Resources */ = {isa = PBXBuildFile; fileRef = B393B98F29EE125C00FA2588 /* White.png */; };
		B393B99829EE125D00FA2588 /* Yellow.png in Resources */ = {isa = PBXBuildFile; fileRef = B393B99029EE125C00FA2588 /* Yellow.png */; };
		B393B99929EE125D00FA2588 /* Brown.png in Resources */ = {isa = PBXBuildFile; fileRef = B393B99129EE125C00FA2588 /* Brown.png */; };
		B393B99A29EE125D00FA2588 /* Green.png in Resources */ = {isa = PBXBuildFile; fileRef = B393B99229EE125C00FA2588 /* Green.png */; };
		B393B99B29EE125D00FA2588 /* Purple.png in Resources */ = {isa = PBXBuildFile; fileRef = B393B99329EE125D00FA2588 /* Purple.png */; };
		B393B9B729EE47E500FA2588 /* Circle.png in Resources */ = {isa = PBXBuildFile; fileRef = B393B9B029EE47E400FA2588 /* Circle.png */; };
		B393B9B829EE47E500FA2588 /* Rectangle.png in Resources */ = {isa = PBXBuildFile; fileRef = B393B9B129EE47E400FA2588 /* Rectangle.png */; };
		B393B9B929EE47E500FA2588 /* Triangle.png in Resources */ = {isa = PBXBuildFile; fileRef = B393B9B229EE47E400FA2588 /* Triangle.png */; };
		B393B9BA29EE47E500FA2588 /* Oval.png in Resources */ = {isa = PBXBuildFile; fileRef = B393B9B329EE47E400FA2588 /* Oval.png */; };
		B393B9BB29EE47E500FA2588 /* Diamond.png in Resources */ = {isa = PBXBuildFile; fileRef = B393B9B429EE47E500FA2588 /* Diamond.png */; };
		B393B9BC29EE47E500FA2588 /* Star.png in Resources */ = {isa = PBXBuildFile; fileRef = B393B9B529EE47E500FA2588 /* Star.png */; };
		B393B9BD29EE47E500FA2588 /* Square.png in Resources */ = {isa = PBXBuildFile; fileRef = B393B9B629EE47E500FA2588 /* Square.png */; };
		B393B9DB29EE581400FA2588 /* colors.png in Resources */ = {isa = PBXBuildFile; fileRef = B393B9DA29EE581400FA2588 /* colors.png */; };
/* End PBXBuildFile section */

/* Begin PBXFileReference section */
		AC25032129F01487008758A2 /* QuestionsRepository.swift */ = {isa = PBXFileReference; lastKnownFileType = sourcecode.swift; path = QuestionsRepository.swift; sourceTree = "<group>"; };
		AC25032329F0149A008758A2 /* QuestionModel.swift */ = {isa = PBXFileReference; lastKnownFileType = sourcecode.swift; path = QuestionModel.swift; sourceTree = "<group>"; };
		AC25032529F01A29008758A2 /* rightBtn.png */ = {isa = PBXFileReference; lastKnownFileType = image.png; path = rightBtn.png; sourceTree = "<group>"; };
		AC25032629F01A29008758A2 /* wrongBtn.png */ = {isa = PBXFileReference; lastKnownFileType = image.png; path = wrongBtn.png; sourceTree = "<group>"; };
		AC25032729F01A29008758A2 /* defaultBtn.png */ = {isa = PBXFileReference; lastKnownFileType = image.png; path = defaultBtn.png; sourceTree = "<group>"; };
		AC25032B29F05393008758A2 /* Score.swift */ = {isa = PBXFileReference; lastKnownFileType = sourcecode.swift; path = Score.swift; sourceTree = "<group>"; };
		AC25032E29F05C42008758A2 /* scores.db */ = {isa = PBXFileReference; lastKnownFileType = file; path = scores.db; sourceTree = "<group>"; };
		AC25033829F06E4F008758A2 /* ScoreCell.swift */ = {isa = PBXFileReference; lastKnownFileType = sourcecode.swift; path = ScoreCell.swift; sourceTree = "<group>"; };
		AC25033A29F076B8008758A2 /* TableScoreViewController.swift */ = {isa = PBXFileReference; lastKnownFileType = sourcecode.swift; path = TableScoreViewController.swift; sourceTree = "<group>"; };
		AC766DEB29C4E08100383D0E /* QuizModel.swift */ = {isa = PBXFileReference; lastKnownFileType = sourcecode.swift; path = QuizModel.swift; sourceTree = "<group>"; };
		AC766DED29C4E09500383D0E /* QuizViewController.swift */ = {isa = PBXFileReference; lastKnownFileType = sourcecode.swift; path = QuizViewController.swift; sourceTree = "<group>"; };
		ACEBB72529C3B2A9009D67BD /* SmartyMarty.app */ = {isa = PBXFileReference; explicitFileType = wrapper.application; includeInIndex = 0; path = SmartyMarty.app; sourceTree = BUILT_PRODUCTS_DIR; };
		ACEBB72829C3B2A9009D67BD /* AppDelegate.swift */ = {isa = PBXFileReference; lastKnownFileType = sourcecode.swift; path = AppDelegate.swift; sourceTree = "<group>"; };
		ACEBB72A29C3B2A9009D67BD /* SceneDelegate.swift */ = {isa = PBXFileReference; lastKnownFileType = sourcecode.swift; path = SceneDelegate.swift; sourceTree = "<group>"; };
		ACEBB72C29C3B2A9009D67BD /* ViewController.swift */ = {isa = PBXFileReference; lastKnownFileType = sourcecode.swift; path = ViewController.swift; sourceTree = "<group>"; };
		ACEBB72F29C3B2A9009D67BD /* Base */ = {isa = PBXFileReference; lastKnownFileType = file.storyboard; name = Base; path = Base.lproj/Main.storyboard; sourceTree = "<group>"; };
		ACEBB73129C3B2AA009D67BD /* Assets.xcassets */ = {isa = PBXFileReference; lastKnownFileType = folder.assetcatalog; path = Assets.xcassets; sourceTree = "<group>"; };
		ACEBB73429C3B2AA009D67BD /* Base */ = {isa = PBXFileReference; lastKnownFileType = file.storyboard; name = Base; path = Base.lproj/LaunchScreen.storyboard; sourceTree = "<group>"; };
		ACEBB73629C3B2AA009D67BD /* Info.plist */ = {isa = PBXFileReference; lastKnownFileType = text.plist.xml; path = Info.plist; sourceTree = "<group>"; };
		B353AB0F29E265140069982A /* WebViewController.swift */ = {isa = PBXFileReference; lastKnownFileType = sourcecode.swift; path = WebViewController.swift; sourceTree = "<group>"; };
		B353AB1129E434230069982A /* Alphabet.jpeg */ = {isa = PBXFileReference; lastKnownFileType = image.jpeg; path = Alphabet.jpeg; sourceTree = "<group>"; };
		B353AB1329E4351A0069982A /* AlphabetController.swift */ = {isa = PBXFileReference; lastKnownFileType = sourcecode.swift; path = AlphabetController.swift; sourceTree = "<group>"; };
		B353AB1529E4371B0069982A /* SiteCell.swift */ = {isa = PBXFileReference; lastKnownFileType = sourcecode.swift; path = SiteCell.swift; sourceTree = "<group>"; };
		B353AB1929E43C230069982A /* Alphabet.swift */ = {isa = PBXFileReference; lastKnownFileType = sourcecode.swift; path = Alphabet.swift; sourceTree = "<group>"; };
		B37356DD29F087700094DA25 /* Star.mp3 */ = {isa = PBXFileReference; lastKnownFileType = audio.mp3; path = Star.mp3; sourceTree = "<group>"; };
		B37356DE29F087700094DA25 /* Circle.mp3 */ = {isa = PBXFileReference; lastKnownFileType = audio.mp3; path = Circle.mp3; sourceTree = "<group>"; };
		B37356DF29F087700094DA25 /* Brown.mp3 */ = {isa = PBXFileReference; lastKnownFileType = audio.mp3; path = Brown.mp3; sourceTree = "<group>"; };
		B37356E029F087700094DA25 /* White.mp3 */ = {isa = PBXFileReference; lastKnownFileType = audio.mp3; path = White.mp3; sourceTree = "<group>"; };
		B37356E129F087700094DA25 /* Triangle.mp3 */ = {isa = PBXFileReference; lastKnownFileType = audio.mp3; path = Triangle.mp3; sourceTree = "<group>"; };
		B37356E229F087700094DA25 /* Black.mp3 */ = {isa = PBXFileReference; lastKnownFileType = audio.mp3; path = Black.mp3; sourceTree = "<group>"; };
		B37356E329F087700094DA25 /* Oval.mp3 */ = {isa = PBXFileReference; lastKnownFileType = audio.mp3; path = Oval.mp3; sourceTree = "<group>"; };
		B37356E429F087700094DA25 /* Square.mp3 */ = {isa = PBXFileReference; lastKnownFileType = audio.mp3; path = Square.mp3; sourceTree = "<group>"; };
		B37356E529F087700094DA25 /* Rectangle.mp3 */ = {isa = PBXFileReference; lastKnownFileType = audio.mp3; path = Rectangle.mp3; sourceTree = "<group>"; };
		B37356E629F087710094DA25 /* Pink.mp3 */ = {isa = PBXFileReference; lastKnownFileType = audio.mp3; path = Pink.mp3; sourceTree = "<group>"; };
		B37356E729F087710094DA25 /* Purple.mp3 */ = {isa = PBXFileReference; lastKnownFileType = audio.mp3; path = Purple.mp3; sourceTree = "<group>"; };
		B37356E829F087710094DA25 /* Diamond.mp3 */ = {isa = PBXFileReference; lastKnownFileType = audio.mp3; path = Diamond.mp3; sourceTree = "<group>"; };
		B37356E929F087710094DA25 /* Red.mp3 */ = {isa = PBXFileReference; lastKnownFileType = audio.mp3; path = Red.mp3; sourceTree = "<group>"; };
		B37356EA29F087710094DA25 /* Green.mp3 */ = {isa = PBXFileReference; lastKnownFileType = audio.mp3; path = Green.mp3; sourceTree = "<group>"; };
		B37356EB29F087710094DA25 /* Yellow.mp3 */ = {isa = PBXFileReference; lastKnownFileType = audio.mp3; path = Yellow.mp3; sourceTree = "<group>"; };
		B37F297B29E1C2B2005A4D34 /* Kids_App_2.png */ = {isa = PBXFileReference; lastKnownFileType = image.png; path = Kids_App_2.png; sourceTree = "<group>"; };
		B37F297C29E1C2B2005A4D34 /* Kids_App_1.png */ = {isa = PBXFileReference; lastKnownFileType = image.png; path = Kids_App_1.png; sourceTree = "<group>"; };
		B37F297D29E1C2B2005A4D34 /* Kids_App_3.png */ = {isa = PBXFileReference; lastKnownFileType = image.png; path = Kids_App_3.png; sourceTree = "<group>"; };
		B37F297E29E1C2B2005A4D34 /* Kids_App_4.png */ = {isa = PBXFileReference; lastKnownFileType = image.png; path = Kids_App_4.png; sourceTree = "<group>"; };
		B37F297F29E1C2B2005A4D34 /* Kids_App-01.png */ = {isa = PBXFileReference; lastKnownFileType = image.png; path = "Kids_App-01.png"; sourceTree = "<group>"; };
		B37F298529E230B0005A4D34 /* SettingViewController.swift */ = {isa = PBXFileReference; lastKnownFileType = sourcecode.swift; path = SettingViewController.swift; sourceTree = "<group>"; };
		B37F298729E230D4005A4D34 /* AboutUsViewController.swift */ = {isa = PBXFileReference; lastKnownFileType = sourcecode.swift; path = AboutUsViewController.swift; sourceTree = "<group>"; };
		B37F298929E23106005A4D34 /* SoundsViewController.swift */ = {isa = PBXFileReference; lastKnownFileType = sourcecode.swift; path = SoundsViewController.swift; sourceTree = "<group>"; };
		B37F298B29E24A72005A4D34 /* facebook.png */ = {isa = PBXFileReference; lastKnownFileType = image.png; path = facebook.png; sourceTree = "<group>"; };
		B393B7B929ED71CB00FA2588 /* SoundManager.swift */ = {isa = PBXFileReference; fileEncoding = 4; lastKnownFileType = sourcecode.swift; path = SoundManager.swift; sourceTree = "<group>"; };
		B393B8E629ED774200FA2588 /* A a.mp3 */ = {isa = PBXFileReference; lastKnownFileType = audio.mp3; path = "A a.mp3"; sourceTree = "<group>"; };
		B393B8E829ED775800FA2588 /* R r.mp3 */ = {isa = PBXFileReference; lastKnownFileType = audio.mp3; path = "R r.mp3"; sourceTree = "<group>"; };
		B393B8E929ED775800FA2588 /* X x.mp3 */ = {isa = PBXFileReference; lastKnownFileType = audio.mp3; path = "X x.mp3"; sourceTree = "<group>"; };
		B393B8EA29ED775800FA2588 /* P p.mp3 */ = {isa = PBXFileReference; lastKnownFileType = audio.mp3; path = "P p.mp3"; sourceTree = "<group>"; };
		B393B8EB29ED775800FA2588 /* L l.mp3 */ = {isa = PBXFileReference; lastKnownFileType = audio.mp3; path = "L l.mp3"; sourceTree = "<group>"; };
		B393B8EC29ED775800FA2588 /* M m.mp3 */ = {isa = PBXFileReference; lastKnownFileType = audio.mp3; path = "M m.mp3"; sourceTree = "<group>"; };
		B393B8ED29ED775900FA2588 /* F f.mp3 */ = {isa = PBXFileReference; lastKnownFileType = audio.mp3; path = "F f.mp3"; sourceTree = "<group>"; };
		B393B8EE29ED775900FA2588 /* N n.mp3 */ = {isa = PBXFileReference; lastKnownFileType = audio.mp3; path = "N n.mp3"; sourceTree = "<group>"; };
		B393B8EF29ED775900FA2588 /* Z z.mp3 */ = {isa = PBXFileReference; lastKnownFileType = audio.mp3; path = "Z z.mp3"; sourceTree = "<group>"; };
		B393B8F029ED775900FA2588 /* B b.mp3 */ = {isa = PBXFileReference; lastKnownFileType = audio.mp3; path = "B b.mp3"; sourceTree = "<group>"; };
		B393B8F129ED775900FA2588 /* T t.mp3 */ = {isa = PBXFileReference; lastKnownFileType = audio.mp3; path = "T t.mp3"; sourceTree = "<group>"; };
		B393B8F229ED775900FA2588 /* W w.mp3 */ = {isa = PBXFileReference; lastKnownFileType = audio.mp3; path = "W w.mp3"; sourceTree = "<group>"; };
		B393B8F329ED775900FA2588 /* Q q.mp3 */ = {isa = PBXFileReference; lastKnownFileType = audio.mp3; path = "Q q.mp3"; sourceTree = "<group>"; };
		B393B8F429ED775900FA2588 /* D d.mp3 */ = {isa = PBXFileReference; lastKnownFileType = audio.mp3; path = "D d.mp3"; sourceTree = "<group>"; };
		B393B8F529ED775900FA2588 /* O o.mp3 */ = {isa = PBXFileReference; lastKnownFileType = audio.mp3; path = "O o.mp3"; sourceTree = "<group>"; };
		B393B8F629ED775900FA2588 /* S s.mp3 */ = {isa = PBXFileReference; lastKnownFileType = audio.mp3; path = "S s.mp3"; sourceTree = "<group>"; };
		B393B8F729ED775900FA2588 /* C c.mp3 */ = {isa = PBXFileReference; lastKnownFileType = audio.mp3; path = "C c.mp3"; sourceTree = "<group>"; };
		B393B8F829ED775900FA2588 /* U u.mp3 */ = {isa = PBXFileReference; lastKnownFileType = audio.mp3; path = "U u.mp3"; sourceTree = "<group>"; };
		B393B8F929ED775900FA2588 /* V v.mp3 */ = {isa = PBXFileReference; lastKnownFileType = audio.mp3; path = "V v.mp3"; sourceTree = "<group>"; };
		B393B8FA29ED775900FA2588 /* J j.mp3 */ = {isa = PBXFileReference; lastKnownFileType = audio.mp3; path = "J j.mp3"; sourceTree = "<group>"; };
		B393B8FB29ED775900FA2588 /* K k.mp3 */ = {isa = PBXFileReference; lastKnownFileType = audio.mp3; path = "K k.mp3"; sourceTree = "<group>"; };
		B393B8FC29ED775900FA2588 /* Y y.mp3 */ = {isa = PBXFileReference; lastKnownFileType = audio.mp3; path = "Y y.mp3"; sourceTree = "<group>"; };
		B393B8FD29ED775A00FA2588 /* G g.mp3 */ = {isa = PBXFileReference; lastKnownFileType = audio.mp3; path = "G g.mp3"; sourceTree = "<group>"; };
		B393B8FE29ED775A00FA2588 /* H h.mp3 */ = {isa = PBXFileReference; lastKnownFileType = audio.mp3; path = "H h.mp3"; sourceTree = "<group>"; };
		B393B91629EDD8AD00FA2588 /* background2.png */ = {isa = PBXFileReference; lastKnownFileType = image.png; path = background2.png; sourceTree = "<group>"; };
		B393B91829EDDBB800FA2588 /* G g.png */ = {isa = PBXFileReference; lastKnownFileType = image.png; path = "G g.png"; sourceTree = "<group>"; };
		B393B91929EDDBB800FA2588 /* Z z.png */ = {isa = PBXFileReference; lastKnownFileType = image.png; path = "Z z.png"; sourceTree = "<group>"; };
		B393B91A29EDDBB800FA2588 /* O o.png */ = {isa = PBXFileReference; lastKnownFileType = image.png; path = "O o.png"; sourceTree = "<group>"; };
		B393B91B29EDDBB800FA2588 /* F f.png */ = {isa = PBXFileReference; lastKnownFileType = image.png; path = "F f.png"; sourceTree = "<group>"; };
		B393B91C29EDDBB800FA2588 /* C c.png */ = {isa = PBXFileReference; lastKnownFileType = image.png; path = "C c.png"; sourceTree = "<group>"; };
		B393B91D29EDDBB800FA2588 /* W w.png */ = {isa = PBXFileReference; lastKnownFileType = image.png; path = "W w.png"; sourceTree = "<group>"; };
		B393B91E29EDDBB800FA2588 /* P p.png */ = {isa = PBXFileReference; lastKnownFileType = image.png; path = "P p.png"; sourceTree = "<group>"; };
		B393B91F29EDDBB800FA2588 /* X x.png */ = {isa = PBXFileReference; lastKnownFileType = image.png; path = "X x.png"; sourceTree = "<group>"; };
		B393B92029EDDBB800FA2588 /* V v.png */ = {isa = PBXFileReference; lastKnownFileType = image.png; path = "V v.png"; sourceTree = "<group>"; };
		B393B92129EDDBB900FA2588 /* J j.png */ = {isa = PBXFileReference; lastKnownFileType = image.png; path = "J j.png"; sourceTree = "<group>"; };
		B393B92229EDDBB900FA2588 /* D d.png */ = {isa = PBXFileReference; lastKnownFileType = image.png; path = "D d.png"; sourceTree = "<group>"; };
		B393B92329EDDBB900FA2588 /* B b.png */ = {isa = PBXFileReference; lastKnownFileType = image.png; path = "B b.png"; sourceTree = "<group>"; };
		B393B92429EDDBB900FA2588 /* Q q.png */ = {isa = PBXFileReference; lastKnownFileType = image.png; path = "Q q.png"; sourceTree = "<group>"; };
		B393B92529EDDBB900FA2588 /* I i.png */ = {isa = PBXFileReference; lastKnownFileType = image.png; path = "I i.png"; sourceTree = "<group>"; };
		B393B92629EDDBB900FA2588 /* N n.png */ = {isa = PBXFileReference; lastKnownFileType = image.png; path = "N n.png"; sourceTree = "<group>"; };
		B393B92729EDDBB900FA2588 /* Y y.png */ = {isa = PBXFileReference; lastKnownFileType = image.png; path = "Y y.png"; sourceTree = "<group>"; };
		B393B92829EDDBB900FA2588 /* A a.png */ = {isa = PBXFileReference; lastKnownFileType = image.png; path = "A a.png"; sourceTree = "<group>"; };
		B393B92929EDDBB900FA2588 /* K k.png */ = {isa = PBXFileReference; lastKnownFileType = image.png; path = "K k.png"; sourceTree = "<group>"; };
		B393B92A29EDDBBA00FA2588 /* U u.png */ = {isa = PBXFileReference; lastKnownFileType = image.png; path = "U u.png"; sourceTree = "<group>"; };
		B393B92B29EDDBBA00FA2588 /* S s.png */ = {isa = PBXFileReference; lastKnownFileType = image.png; path = "S s.png"; sourceTree = "<group>"; };
		B393B92C29EDDBBA00FA2588 /* H h.png */ = {isa = PBXFileReference; lastKnownFileType = image.png; path = "H h.png"; sourceTree = "<group>"; };
		B393B92D29EDDBBA00FA2588 /* R r.png */ = {isa = PBXFileReference; lastKnownFileType = image.png; path = "R r.png"; sourceTree = "<group>"; };
		B393B92E29EDDBBA00FA2588 /* M m.png */ = {isa = PBXFileReference; lastKnownFileType = image.png; path = "M m.png"; sourceTree = "<group>"; };
		B393B92F29EDDBBA00FA2588 /* E e.png */ = {isa = PBXFileReference; lastKnownFileType = image.png; path = "E e.png"; sourceTree = "<group>"; };
		B393B93029EDDBBA00FA2588 /* T t.png */ = {isa = PBXFileReference; lastKnownFileType = image.png; path = "T t.png"; sourceTree = "<group>"; };
		B393B93129EDDBBA00FA2588 /* L l.png */ = {isa = PBXFileReference; lastKnownFileType = image.png; path = "L l.png"; sourceTree = "<group>"; };
		B393B94C29EDEE5500FA2588 /* E_e.mp3 */ = {isa = PBXFileReference; lastKnownFileType = audio.mp3; path = E_e.mp3; sourceTree = "<group>"; };
		B393B94E29EDEEAC00FA2588 /* Carrot.mp3 */ = {isa = PBXFileReference; lastKnownFileType = audio.mp3; path = Carrot.mp3; sourceTree = "<group>"; };
		B393B94F29EDEEAC00FA2588 /* Eggplant.mp3 */ = {isa = PBXFileReference; lastKnownFileType = audio.mp3; path = Eggplant.mp3; sourceTree = "<group>"; };
		B393B95029EDEEAC00FA2588 /* Pepper.mp3 */ = {isa = PBXFileReference; lastKnownFileType = audio.mp3; path = Pepper.mp3; sourceTree = "<group>"; };
		B393B95129EDEEAC00FA2588 /* Greenbeans.mp3 */ = {isa = PBXFileReference; lastKnownFileType = audio.mp3; path = Greenbeans.mp3; sourceTree = "<group>"; };
		B393B95229EDEEAC00FA2588 /* Spinach.mp3 */ = {isa = PBXFileReference; lastKnownFileType = audio.mp3; path = Spinach.mp3; sourceTree = "<group>"; };
		B393B95329EDEEAC00FA2588 /* Artichoke.mp3 */ = {isa = PBXFileReference; lastKnownFileType = audio.mp3; path = Artichoke.mp3; sourceTree = "<group>"; };
		B393B95429EDEEAC00FA2588 /* Lettuce.mp3 */ = {isa = PBXFileReference; lastKnownFileType = audio.mp3; path = Lettuce.mp3; sourceTree = "<group>"; };
		B393B95C29EDEF0300FA2588 /* Greenbeans.png */ = {isa = PBXFileReference; lastKnownFileType = image.png; path = Greenbeans.png; sourceTree = "<group>"; };
		B393B95D29EDEF0400FA2588 /* Spinach.png */ = {isa = PBXFileReference; lastKnownFileType = image.png; path = Spinach.png; sourceTree = "<group>"; };
		B393B95E29EDEF0400FA2588 /* Pepper.png */ = {isa = PBXFileReference; lastKnownFileType = image.png; path = Pepper.png; sourceTree = "<group>"; };
		B393B95F29EDEF0400FA2588 /* Lettuce.png */ = {isa = PBXFileReference; lastKnownFileType = image.png; path = Lettuce.png; sourceTree = "<group>"; };
		B393B96029EDEF0400FA2588 /* Eggplant.png */ = {isa = PBXFileReference; lastKnownFileType = image.png; path = Eggplant.png; sourceTree = "<group>"; };
		B393B96129EDEF0400FA2588 /* Artichoke.png */ = {isa = PBXFileReference; lastKnownFileType = image.png; path = Artichoke.png; sourceTree = "<group>"; };
		B393B96229EDEF0400FA2588 /* Carrot.png */ = {isa = PBXFileReference; lastKnownFileType = image.png; path = Carrot.png; sourceTree = "<group>"; };
		B393B96A29EDEF1D00FA2588 /* Vegetable.swift */ = {isa = PBXFileReference; lastKnownFileType = sourcecode.swift; path = Vegetable.swift; sourceTree = "<group>"; };
		B393B96C29EDF05600FA2588 /* vege.jpg */ = {isa = PBXFileReference; lastKnownFileType = image.jpeg; path = vege.jpg; sourceTree = "<group>"; };
		B393B96E29EDF17200FA2588 /* VegetableViewController.swift */ = {isa = PBXFileReference; lastKnownFileType = sourcecode.swift; path = VegetableViewController.swift; sourceTree = "<group>"; };
		B393B97029EDFF9900FA2588 /* ShapesViewController.swift */ = {isa = PBXFileReference; lastKnownFileType = sourcecode.swift; path = ShapesViewController.swift; sourceTree = "<group>"; };
		B393B97229EE034900FA2588 /* Shape.swift */ = {isa = PBXFileReference; lastKnownFileType = sourcecode.swift; path = Shape.swift; sourceTree = "<group>"; };
		B393B97429EE035800FA2588 /* Color.swift */ = {isa = PBXFileReference; lastKnownFileType = sourcecode.swift; path = Color.swift; sourceTree = "<group>"; };
		B393B97629EE037D00FA2588 /* ColorViewController.swift */ = {isa = PBXFileReference; lastKnownFileType = sourcecode.swift; path = ColorViewController.swift; sourceTree = "<group>"; };
		B393B97829EE041200FA2588 /* Color.png */ = {isa = PBXFileReference; lastKnownFileType = image.png; path = Color.png; sourceTree = "<group>"; };
		B393B97A29EE04F700FA2588 /* Shapes.png */ = {isa = PBXFileReference; lastKnownFileType = image.png; path = Shapes.png; sourceTree = "<group>"; };
		B393B98C29EE125B00FA2588 /* Black.png */ = {isa = PBXFileReference; lastKnownFileType = image.png; path = Black.png; sourceTree = "<group>"; };
		B393B98D29EE125C00FA2588 /* Red.png */ = {isa = PBXFileReference; lastKnownFileType = image.png; path = Red.png; sourceTree = "<group>"; };
		B393B98E29EE125C00FA2588 /* Pink.png */ = {isa = PBXFileReference; lastKnownFileType = image.png; path = Pink.png; sourceTree = "<group>"; };
		B393B98F29EE125C00FA2588 /* White.png */ = {isa = PBXFileReference; lastKnownFileType = image.png; path = White.png; sourceTree = "<group>"; };
		B393B99029EE125C00FA2588 /* Yellow.png */ = {isa = PBXFileReference; lastKnownFileType = image.png; path = Yellow.png; sourceTree = "<group>"; };
		B393B99129EE125C00FA2588 /* Brown.png */ = {isa = PBXFileReference; lastKnownFileType = image.png; path = Brown.png; sourceTree = "<group>"; };
		B393B99229EE125C00FA2588 /* Green.png */ = {isa = PBXFileReference; lastKnownFileType = image.png; path = Green.png; sourceTree = "<group>"; };
		B393B99329EE125D00FA2588 /* Purple.png */ = {isa = PBXFileReference; lastKnownFileType = image.png; path = Purple.png; sourceTree = "<group>"; };
		B393B9B029EE47E400FA2588 /* Circle.png */ = {isa = PBXFileReference; lastKnownFileType = image.png; path = Circle.png; sourceTree = "<group>"; };
		B393B9B129EE47E400FA2588 /* Rectangle.png */ = {isa = PBXFileReference; lastKnownFileType = image.png; path = Rectangle.png; sourceTree = "<group>"; };
		B393B9B229EE47E400FA2588 /* Triangle.png */ = {isa = PBXFileReference; lastKnownFileType = image.png; path = Triangle.png; sourceTree = "<group>"; };
		B393B9B329EE47E400FA2588 /* Oval.png */ = {isa = PBXFileReference; lastKnownFileType = image.png; path = Oval.png; sourceTree = "<group>"; };
		B393B9B429EE47E500FA2588 /* Diamond.png */ = {isa = PBXFileReference; lastKnownFileType = image.png; path = Diamond.png; sourceTree = "<group>"; };
		B393B9B529EE47E500FA2588 /* Star.png */ = {isa = PBXFileReference; lastKnownFileType = image.png; path = Star.png; sourceTree = "<group>"; };
		B393B9B629EE47E500FA2588 /* Square.png */ = {isa = PBXFileReference; lastKnownFileType = image.png; path = Square.png; sourceTree = "<group>"; };
		B393B9DA29EE581400FA2588 /* colors.png */ = {isa = PBXFileReference; lastKnownFileType = image.png; path = colors.png; sourceTree = "<group>"; };
/* End PBXFileReference section */

/* Begin PBXFrameworksBuildPhase section */
		ACEBB72229C3B2A9009D67BD /* Frameworks */ = {
			isa = PBXFrameworksBuildPhase;
			buildActionMask = 2147483647;
			files = (
			);
			runOnlyForDeploymentPostprocessing = 0;
		};
/* End PBXFrameworksBuildPhase section */

/* Begin PBXGroup section */
		AC25032D29F058E9008758A2 /* db */ = {
			isa = PBXGroup;
			children = (
				AC25032E29F05C42008758A2 /* scores.db */,
			);
			path = db;
			sourceTree = "<group>";
		};
		AC766DE829C4E00000383D0E /* ViewControllers */ = {
			isa = PBXGroup;
			children = (
				ACEBB72C29C3B2A9009D67BD /* ViewController.swift */,
				AC766DED29C4E09500383D0E /* QuizViewController.swift */,
				B37F298529E230B0005A4D34 /* SettingViewController.swift */,
				B37F298729E230D4005A4D34 /* AboutUsViewController.swift */,
				B37F298929E23106005A4D34 /* SoundsViewController.swift */,
				B353AB0F29E265140069982A /* WebViewController.swift */,
				B353AB1329E4351A0069982A /* AlphabetController.swift */,
				B393B96E29EDF17200FA2588 /* VegetableViewController.swift */,
				B393B97029EDFF9900FA2588 /* ShapesViewController.swift */,
				B393B97629EE037D00FA2588 /* ColorViewController.swift */,
				AC25033A29F076B8008758A2 /* TableScoreViewController.swift */,
			);
			path = ViewControllers;
			sourceTree = "<group>";
		};
		AC766DE929C4E01000383D0E /* Views */ = {
			isa = PBXGroup;
			children = (
				ACEBB73329C3B2AA009D67BD /* LaunchScreen.storyboard */,
				ACEBB72E29C3B2A9009D67BD /* Main.storyboard */,
			);
			path = Views;
			sourceTree = "<group>";
		};
		AC766DEA29C4E02500383D0E /* Models */ = {
			isa = PBXGroup;
			children = (
				B393B7B929ED71CB00FA2588 /* SoundManager.swift */,
				ACEBB72A29C3B2A9009D67BD /* SceneDelegate.swift */,
				ACEBB72829C3B2A9009D67BD /* AppDelegate.swift */,
				AC766DEB29C4E08100383D0E /* QuizModel.swift */,
				B353AB1529E4371B0069982A /* SiteCell.swift */,
				B353AB1929E43C230069982A /* Alphabet.swift */,
				B393B96A29EDEF1D00FA2588 /* Vegetable.swift */,
				B393B97229EE034900FA2588 /* Shape.swift */,
				B393B97429EE035800FA2588 /* Color.swift */,
				AC25032129F01487008758A2 /* QuestionsRepository.swift */,
				AC25032329F0149A008758A2 /* QuestionModel.swift */,
				AC25032B29F05393008758A2 /* Score.swift */,
				AC25033829F06E4F008758A2 /* ScoreCell.swift */,
			);
			path = Models;
			sourceTree = "<group>";
		};
		ACEBB71C29C3B2A9009D67BD = {
			isa = PBXGroup;
			children = (
				ACEBB72729C3B2A9009D67BD /* SmartyMarty */,
				ACEBB72629C3B2A9009D67BD /* Products */,
			);
			sourceTree = "<group>";
		};
		ACEBB72629C3B2A9009D67BD /* Products */ = {
			isa = PBXGroup;
			children = (
				ACEBB72529C3B2A9009D67BD /* SmartyMarty.app */,
			);
			name = Products;
			sourceTree = "<group>";
		};
		ACEBB72729C3B2A9009D67BD /* SmartyMarty */ = {
			isa = PBXGroup;
			children = (
				AC25032D29F058E9008758A2 /* db */,
				B393B8B429ED770500FA2588 /* sounds */,
				B37F297A29E1C27A005A4D34 /* Images */,
				AC766DEA29C4E02500383D0E /* Models */,
				AC766DE829C4E00000383D0E /* ViewControllers */,
				AC766DE929C4E01000383D0E /* Views */,
				ACEBB73629C3B2AA009D67BD /* Info.plist */,
			);
			path = SmartyMarty;
			sourceTree = "<group>";
		};
		B37F297A29E1C27A005A4D34 /* Images */ = {
			isa = PBXGroup;
			children = (
				AC25032729F01A29008758A2 /* defaultBtn.png */,
				AC25032529F01A29008758A2 /* rightBtn.png */,
				AC25032629F01A29008758A2 /* wrongBtn.png */,
				B393B9DA29EE581400FA2588 /* colors.png */,
				B393B9B029EE47E400FA2588 /* Circle.png */,
				B393B9B429EE47E500FA2588 /* Diamond.png */,
				B393B9B329EE47E400FA2588 /* Oval.png */,
				B393B9B129EE47E400FA2588 /* Rectangle.png */,
				B393B9B629EE47E500FA2588 /* Square.png */,
				B393B9B529EE47E500FA2588 /* Star.png */,
				B393B9B229EE47E400FA2588 /* Triangle.png */,
				B393B98C29EE125B00FA2588 /* Black.png */,
				B393B99129EE125C00FA2588 /* Brown.png */,
				B393B99229EE125C00FA2588 /* Green.png */,
				B393B98E29EE125C00FA2588 /* Pink.png */,
				B393B99329EE125D00FA2588 /* Purple.png */,
				B393B98D29EE125C00FA2588 /* Red.png */,
				B393B98F29EE125C00FA2588 /* White.png */,
				B393B99029EE125C00FA2588 /* Yellow.png */,
				B393B97A29EE04F700FA2588 /* Shapes.png */,
				B393B97829EE041200FA2588 /* Color.png */,
				B393B96C29EDF05600FA2588 /* vege.jpg */,
				B393B96129EDEF0400FA2588 /* Artichoke.png */,
				B393B96229EDEF0400FA2588 /* Carrot.png */,
				B393B96029EDEF0400FA2588 /* Eggplant.png */,
				B393B95C29EDEF0300FA2588 /* Greenbeans.png */,
				B393B95F29EDEF0400FA2588 /* Lettuce.png */,
				B393B95E29EDEF0400FA2588 /* Pepper.png */,
				B393B95D29EDEF0400FA2588 /* Spinach.png */,
				B393B92829EDDBB900FA2588 /* A a.png */,
				B393B92329EDDBB900FA2588 /* B b.png */,
				B393B91C29EDDBB800FA2588 /* C c.png */,
				B393B92229EDDBB900FA2588 /* D d.png */,
				B393B92F29EDDBBA00FA2588 /* E e.png */,
				B393B91B29EDDBB800FA2588 /* F f.png */,
				B393B91829EDDBB800FA2588 /* G g.png */,
				B393B92C29EDDBBA00FA2588 /* H h.png */,
				B393B92529EDDBB900FA2588 /* I i.png */,
				B393B92129EDDBB900FA2588 /* J j.png */,
				B393B92929EDDBB900FA2588 /* K k.png */,
				B393B93129EDDBBA00FA2588 /* L l.png */,
				B393B92E29EDDBBA00FA2588 /* M m.png */,
				B393B92629EDDBB900FA2588 /* N n.png */,
				B393B91A29EDDBB800FA2588 /* O o.png */,
				B393B91E29EDDBB800FA2588 /* P p.png */,
				B393B92429EDDBB900FA2588 /* Q q.png */,
				B393B92D29EDDBBA00FA2588 /* R r.png */,
				B393B92B29EDDBBA00FA2588 /* S s.png */,
				B393B93029EDDBBA00FA2588 /* T t.png */,
				B393B92A29EDDBBA00FA2588 /* U u.png */,
				B393B92029EDDBB800FA2588 /* V v.png */,
				B393B91D29EDDBB800FA2588 /* W w.png */,
				B393B91F29EDDBB800FA2588 /* X x.png */,
				B393B92729EDDBB900FA2588 /* Y y.png */,
				B393B91929EDDBB800FA2588 /* Z z.png */,
				B393B91629EDD8AD00FA2588 /* background2.png */,
				B353AB1129E434230069982A /* Alphabet.jpeg */,
				B37F297C29E1C2B2005A4D34 /* Kids_App_1.png */,
				B37F298B29E24A72005A4D34 /* facebook.png */,
				B37F297B29E1C2B2005A4D34 /* Kids_App_2.png */,
				B37F297D29E1C2B2005A4D34 /* Kids_App_3.png */,
				B37F297E29E1C2B2005A4D34 /* Kids_App_4.png */,
				B37F297F29E1C2B2005A4D34 /* Kids_App-01.png */,
				ACEBB73129C3B2AA009D67BD /* Assets.xcassets */,
			);
			path = Images;
			sourceTree = "<group>";
		};
		B393B8B429ED770500FA2588 /* sounds */ = {
			isa = PBXGroup;
			children = (
				B37356E229F087700094DA25 /* Black.mp3 */,
				B37356DF29F087700094DA25 /* Brown.mp3 */,
				B37356DE29F087700094DA25 /* Circle.mp3 */,
				B37356E829F087710094DA25 /* Diamond.mp3 */,
				B37356EA29F087710094DA25 /* Green.mp3 */,
				B37356E329F087700094DA25 /* Oval.mp3 */,
				B37356E629F087710094DA25 /* Pink.mp3 */,
				B37356E729F087710094DA25 /* Purple.mp3 */,
				B37356E529F087700094DA25 /* Rectangle.mp3 */,
				B37356E929F087710094DA25 /* Red.mp3 */,
				B37356E429F087700094DA25 /* Square.mp3 */,
				B37356DD29F087700094DA25 /* Star.mp3 */,
				B37356E129F087700094DA25 /* Triangle.mp3 */,
				B37356E029F087700094DA25 /* White.mp3 */,
				B37356EB29F087710094DA25 /* Yellow.mp3 */,
				B393B95329EDEEAC00FA2588 /* Artichoke.mp3 */,
				B393B94E29EDEEAC00FA2588 /* Carrot.mp3 */,
				B393B94F29EDEEAC00FA2588 /* Eggplant.mp3 */,
				B393B95129EDEEAC00FA2588 /* Greenbeans.mp3 */,
				B393B95429EDEEAC00FA2588 /* Lettuce.mp3 */,
				B393B95029EDEEAC00FA2588 /* Pepper.mp3 */,
				B393B95229EDEEAC00FA2588 /* Spinach.mp3 */,
				B393B94C29EDEE5500FA2588 /* E_e.mp3 */,
				B393B8F029ED775900FA2588 /* B b.mp3 */,
				B393B8F729ED775900FA2588 /* C c.mp3 */,
				B393B8F429ED775900FA2588 /* D d.mp3 */,
				B393B8ED29ED775900FA2588 /* F f.mp3 */,
				B393B8FD29ED775A00FA2588 /* G g.mp3 */,
				B393B8FE29ED775A00FA2588 /* H h.mp3 */,
				B393B8FA29ED775900FA2588 /* J j.mp3 */,
				B393B8FB29ED775900FA2588 /* K k.mp3 */,
				B393B8EB29ED775800FA2588 /* L l.mp3 */,
				B393B8EC29ED775800FA2588 /* M m.mp3 */,
				B393B8EE29ED775900FA2588 /* N n.mp3 */,
				B393B8F529ED775900FA2588 /* O o.mp3 */,
				B393B8EA29ED775800FA2588 /* P p.mp3 */,
				B393B8F329ED775900FA2588 /* Q q.mp3 */,
				B393B8E829ED775800FA2588 /* R r.mp3 */,
				B393B8F629ED775900FA2588 /* S s.mp3 */,
				B393B8F129ED775900FA2588 /* T t.mp3 */,
				B393B8F829ED775900FA2588 /* U u.mp3 */,
				B393B8F929ED775900FA2588 /* V v.mp3 */,
				B393B8F229ED775900FA2588 /* W w.mp3 */,
				B393B8E929ED775800FA2588 /* X x.mp3 */,
				B393B8FC29ED775900FA2588 /* Y y.mp3 */,
				B393B8EF29ED775900FA2588 /* Z z.mp3 */,
				B393B8E629ED774200FA2588 /* A a.mp3 */,
			);
			path = sounds;
			sourceTree = "<group>";
		};
/* End PBXGroup section */

/* Begin PBXNativeTarget section */
		ACEBB72429C3B2A9009D67BD /* SmartyMarty */ = {
			isa = PBXNativeTarget;
			buildConfigurationList = ACEBB73929C3B2AA009D67BD /* Build configuration list for PBXNativeTarget "SmartyMarty" */;
			buildPhases = (
				ACEBB72129C3B2A9009D67BD /* Sources */,
				ACEBB72229C3B2A9009D67BD /* Frameworks */,
				ACEBB72329C3B2A9009D67BD /* Resources */,
			);
			buildRules = (
			);
			dependencies = (
			);
			name = SmartyMarty;
			productName = SmartyMarty;
			productReference = ACEBB72529C3B2A9009D67BD /* SmartyMarty.app */;
			productType = "com.apple.product-type.application";
		};
/* End PBXNativeTarget section */

/* Begin PBXProject section */
		ACEBB71D29C3B2A9009D67BD /* Project object */ = {
			isa = PBXProject;
			attributes = {
				BuildIndependentTargetsInParallel = 1;
				LastSwiftUpdateCheck = 1400;
				LastUpgradeCheck = 1400;
				TargetAttributes = {
					ACEBB72429C3B2A9009D67BD = {
						CreatedOnToolsVersion = 14.0.1;
					};
				};
			};
			buildConfigurationList = ACEBB72029C3B2A9009D67BD /* Build configuration list for PBXProject "SmartyMarty" */;
			compatibilityVersion = "Xcode 13.0";
			developmentRegion = en;
			hasScannedForEncodings = 0;
			knownRegions = (
				en,
				Base,
			);
			mainGroup = ACEBB71C29C3B2A9009D67BD;
			productRefGroup = ACEBB72629C3B2A9009D67BD /* Products */;
			projectDirPath = "";
			projectRoot = "";
			targets = (
				ACEBB72429C3B2A9009D67BD /* SmartyMarty */,
			);
		};
/* End PBXProject section */

/* Begin PBXResourcesBuildPhase section */
		ACEBB72329C3B2A9009D67BD /* Resources */ = {
			isa = PBXResourcesBuildPhase;
			buildActionMask = 2147483647;
			files = (
				B393B94229EDDBBA00FA2588 /* A a.png in Resources */,
				B393B94029EDDBBA00FA2588 /* N n.png in Resources */,
				B393B94629EDDBBA00FA2588 /* H h.png in Resources */,
				B37356EE29F087710094DA25 /* Brown.mp3 in Resources */,
				B393B93B29EDDBBA00FA2588 /* J j.png in Resources */,
				AC25032A29F01A29008758A2 /* defaultBtn.png in Resources */,
				B393B93929EDDBBA00FA2588 /* X x.png in Resources */,
				B393B93629EDDBBA00FA2588 /* C c.png in Resources */,
				B393B97B29EE04F700FA2588 /* Shapes.png in Resources */,
				B393B99A29EE125D00FA2588 /* Green.png in Resources */,
				B393B93229EDDBBA00FA2588 /* G g.png in Resources */,
				B393B93C29EDDBBA00FA2588 /* D d.png in Resources */,
				B393B90229ED775A00FA2588 /* L l.mp3 in Resources */,
				ACEBB73529C3B2AA009D67BD /* LaunchScreen.storyboard in Resources */,
				B393B99629EE125D00FA2588 /* Pink.png in Resources */,
				B393B91729EDD8AD00FA2588 /* background2.png in Resources */,
				B393B9BB29EE47E500FA2588 /* Diamond.png in Resources */,
				B37F298029E1C2B2005A4D34 /* Kids_App_2.png in Resources */,
				B37F298129E1C2B2005A4D34 /* Kids_App_1.png in Resources */,
				B393B93529EDDBBA00FA2588 /* F f.png in Resources */,
				B37356F429F087710094DA25 /* Rectangle.mp3 in Resources */,
				B393B93F29EDDBBA00FA2588 /* I i.png in Resources */,
				B393B90129ED775A00FA2588 /* P p.mp3 in Resources */,
				B393B95829EDEEAC00FA2588 /* Greenbeans.mp3 in Resources */,
				B37356ED29F087710094DA25 /* Circle.mp3 in Resources */,
				B393B96529EDEF0400FA2588 /* Pepper.png in Resources */,
				B393B93E29EDDBBA00FA2588 /* Q q.png in Resources */,
				B393B95929EDEEAC00FA2588 /* Spinach.mp3 in Resources */,
				B393B94129EDDBBA00FA2588 /* Y y.png in Resources */,
				B393B9B929EE47E500FA2588 /* Triangle.png in Resources */,
				B393B90729ED775A00FA2588 /* B b.mp3 in Resources */,
				B393B9B829EE47E500FA2588 /* Rectangle.png in Resources */,
				B37F298429E1C2B2005A4D34 /* Kids_App-01.png in Resources */,
				B37356F729F087710094DA25 /* Diamond.mp3 in Resources */,
				B353AB1229E434230069982A /* Alphabet.jpeg in Resources */,
				B393B96929EDEF0400FA2588 /* Carrot.png in Resources */,
				B393B94B29EDDBBA00FA2588 /* L l.png in Resources */,
				B37F298C29E24A72005A4D34 /* facebook.png in Resources */,
				B37356F129F087710094DA25 /* Black.mp3 in Resources */,
				B393B99B29EE125D00FA2588 /* Purple.png in Resources */,
				B393B95A29EDEEAC00FA2588 /* Artichoke.mp3 in Resources */,
				B393B99929EE125D00FA2588 /* Brown.png in Resources */,
				B37356F329F087710094DA25 /* Square.mp3 in Resources */,
				B393B99729EE125D00FA2588 /* White.png in Resources */,
				B393B90429ED775A00FA2588 /* F f.mp3 in Resources */,
				B393B95529EDEEAC00FA2588 /* Carrot.mp3 in Resources */,
				B393B90C29ED775A00FA2588 /* O o.mp3 in Resources */,
				AC25032929F01A29008758A2 /* wrongBtn.png in Resources */,
				B393B90029ED775A00FA2588 /* X x.mp3 in Resources */,
				B37356F229F087710094DA25 /* Oval.mp3 in Resources */,
				B393B91429ED775A00FA2588 /* G g.mp3 in Resources */,
				B393B8E729ED774200FA2588 /* A a.mp3 in Resources */,
				B393B93829EDDBBA00FA2588 /* P p.png in Resources */,
				B393B93329EDDBBA00FA2588 /* Z z.png in Resources */,
				B393B90D29ED775A00FA2588 /* S s.mp3 in Resources */,
				B393B99429EE125D00FA2588 /* Black.png in Resources */,
				B393B94A29EDDBBA00FA2588 /* T t.png in Resources */,
				B37F298329E1C2B2005A4D34 /* Kids_App_4.png in Resources */,
				B393B91129ED775A00FA2588 /* J j.mp3 in Resources */,
				B393B94829EDDBBA00FA2588 /* M m.png in Resources */,
				B393B99829EE125D00FA2588 /* Yellow.png in Resources */,
				ACEBB73229C3B2AA009D67BD /* Assets.xcassets in Resources */,
				AC25032F29F05C42008758A2 /* scores.db in Resources */,
				B393B91229ED775A00FA2588 /* K k.mp3 in Resources */,
				B393B93D29EDDBBA00FA2588 /* B b.png in Resources */,
				B393B93A29EDDBBA00FA2588 /* V v.png in Resources */,
				B393B94929EDDBBA00FA2588 /* E e.png in Resources */,
				B37356F929F087710094DA25 /* Green.mp3 in Resources */,
				B393B9BA29EE47E500FA2588 /* Oval.png in Resources */,
				B393B8FF29ED775A00FA2588 /* R r.mp3 in Resources */,
				B37F298229E1C2B2005A4D34 /* Kids_App_3.png in Resources */,
				B393B93429EDDBBA00FA2588 /* O o.png in Resources */,
				B393B96629EDEF0400FA2588 /* Lettuce.png in Resources */,
				B393B90629ED775A00FA2588 /* Z z.mp3 in Resources */,
				B393B90A29ED775A00FA2588 /* Q q.mp3 in Resources */,
				B393B96429EDEF0400FA2588 /* Spinach.png in Resources */,
				AC25032829F01A29008758A2 /* rightBtn.png in Resources */,
				B393B90929ED775A00FA2588 /* W w.mp3 in Resources */,
				B393B94D29EDEE5500FA2588 /* E_e.mp3 in Resources */,
				B393B91329ED775A00FA2588 /* Y y.mp3 in Resources */,
				B37356EC29F087710094DA25 /* Star.mp3 in Resources */,
				B393B90E29ED775A00FA2588 /* C c.mp3 in Resources */,
				B393B94329EDDBBA00FA2588 /* K k.png in Resources */,
				B393B9BD29EE47E500FA2588 /* Square.png in Resources */,
				B393B9BC29EE47E500FA2588 /* Star.png in Resources */,
				B393B96D29EDF05600FA2588 /* vege.jpg in Resources */,
				B393B99529EE125D00FA2588 /* Red.png in Resources */,
				B393B91029ED775A00FA2588 /* V v.mp3 in Resources */,
				B37356F629F087710094DA25 /* Purple.mp3 in Resources */,
				B393B94529EDDBBA00FA2588 /* S s.png in Resources */,
				B393B97929EE041200FA2588 /* Color.png in Resources */,
				B393B91529ED775A00FA2588 /* H h.mp3 in Resources */,
				B393B94729EDDBBA00FA2588 /* R r.png in Resources */,
				B393B96729EDEF0400FA2588 /* Eggplant.png in Resources */,
				B393B93729EDDBBA00FA2588 /* W w.png in Resources */,
				B37356F029F087710094DA25 /* Triangle.mp3 in Resources */,
				B393B96329EDEF0400FA2588 /* Greenbeans.png in Resources */,
				B37356F829F087710094DA25 /* Red.mp3 in Resources */,
				B37356FA29F087710094DA25 /* Yellow.mp3 in Resources */,
				B37356F529F087710094DA25 /* Pink.mp3 in Resources */,
				B393B9DB29EE581400FA2588 /* colors.png in Resources */,
				B393B90529ED775A00FA2588 /* N n.mp3 in Resources */,
				B393B94429EDDBBA00FA2588 /* U u.png in Resources */,
				B393B95729EDEEAC00FA2588 /* Pepper.mp3 in Resources */,
				B393B90829ED775A00FA2588 /* T t.mp3 in Resources */,
				B393B90B29ED775A00FA2588 /* D d.mp3 in Resources */,
				B37356EF29F087710094DA25 /* White.mp3 in Resources */,
				B393B95B29EDEEAC00FA2588 /* Lettuce.mp3 in Resources */,
				B393B96829EDEF0400FA2588 /* Artichoke.png in Resources */,
				B393B95629EDEEAC00FA2588 /* Eggplant.mp3 in Resources */,
				B393B9B729EE47E500FA2588 /* Circle.png in Resources */,
				ACEBB73029C3B2A9009D67BD /* Main.storyboard in Resources */,
				B393B90329ED775A00FA2588 /* M m.mp3 in Resources */,
				B393B90F29ED775A00FA2588 /* U u.mp3 in Resources */,
			);
			runOnlyForDeploymentPostprocessing = 0;
		};
/* End PBXResourcesBuildPhase section */

/* Begin PBXSourcesBuildPhase section */
		ACEBB72129C3B2A9009D67BD /* Sources */ = {
			isa = PBXSourcesBuildPhase;
			buildActionMask = 2147483647;
			files = (
				AC25032429F0149A008758A2 /* QuestionModel.swift in Sources */,
				B37F298A29E23106005A4D34 /* SoundsViewController.swift in Sources */,
				B353AB1629E4371B0069982A /* SiteCell.swift in Sources */,
				B353AB1029E265140069982A /* WebViewController.swift in Sources */,
				B393B97329EE034900FA2588 /* Shape.swift in Sources */,
				B393B96F29EDF17200FA2588 /* VegetableViewController.swift in Sources */,
				AC766DEC29C4E08100383D0E /* QuizModel.swift in Sources */,
				B393B7BA29ED71CB00FA2588 /* SoundManager.swift in Sources */,
				AC766DEE29C4E09500383D0E /* QuizViewController.swift in Sources */,
				ACEBB72D29C3B2A9009D67BD /* ViewController.swift in Sources */,
				B393B97729EE037D00FA2588 /* ColorViewController.swift in Sources */,
				AC25033B29F076B8008758A2 /* TableScoreViewController.swift in Sources */,
				B393B97129EDFF9900FA2588 /* ShapesViewController.swift in Sources */,
				ACEBB72929C3B2A9009D67BD /* AppDelegate.swift in Sources */,
				B353AB1A29E43C230069982A /* Alphabet.swift in Sources */,
				B393B96B29EDEF1D00FA2588 /* Vegetable.swift in Sources */,
				B37F298829E230D4005A4D34 /* AboutUsViewController.swift in Sources */,
				AC25032229F01487008758A2 /* QuestionsRepository.swift in Sources */,
				ACEBB72B29C3B2A9009D67BD /* SceneDelegate.swift in Sources */,
				B353AB1429E4351A0069982A /* AlphabetController.swift in Sources */,
				B37F298629E230B0005A4D34 /* SettingViewController.swift in Sources */,
				AC25032C29F05393008758A2 /* Score.swift in Sources */,
				AC25033929F06E4F008758A2 /* ScoreCell.swift in Sources */,
				B393B97529EE035800FA2588 /* Color.swift in Sources */,
			);
			runOnlyForDeploymentPostprocessing = 0;
		};
/* End PBXSourcesBuildPhase section */

/* Begin PBXVariantGroup section */
		ACEBB72E29C3B2A9009D67BD /* Main.storyboard */ = {
			isa = PBXVariantGroup;
			children = (
				ACEBB72F29C3B2A9009D67BD /* Base */,
			);
			name = Main.storyboard;
			sourceTree = "<group>";
		};
		ACEBB73329C3B2AA009D67BD /* LaunchScreen.storyboard */ = {
			isa = PBXVariantGroup;
			children = (
				ACEBB73429C3B2AA009D67BD /* Base */,
			);
			name = LaunchScreen.storyboard;
			sourceTree = "<group>";
		};
/* End PBXVariantGroup section */

/* Begin XCBuildConfiguration section */
		ACEBB73729C3B2AA009D67BD /* Debug */ = {
			isa = XCBuildConfiguration;
			buildSettings = {
				ALWAYS_SEARCH_USER_PATHS = NO;
				CLANG_ANALYZER_NONNULL = YES;
				CLANG_ANALYZER_NUMBER_OBJECT_CONVERSION = YES_AGGRESSIVE;
				CLANG_CXX_LANGUAGE_STANDARD = "gnu++20";
				CLANG_ENABLE_MODULES = YES;
				CLANG_ENABLE_OBJC_ARC = YES;
				CLANG_ENABLE_OBJC_WEAK = YES;
				CLANG_WARN_BLOCK_CAPTURE_AUTORELEASING = YES;
				CLANG_WARN_BOOL_CONVERSION = YES;
				CLANG_WARN_COMMA = YES;
				CLANG_WARN_CONSTANT_CONVERSION = YES;
				CLANG_WARN_DEPRECATED_OBJC_IMPLEMENTATIONS = YES;
				CLANG_WARN_DIRECT_OBJC_ISA_USAGE = YES_ERROR;
				CLANG_WARN_DOCUMENTATION_COMMENTS = YES;
				CLANG_WARN_EMPTY_BODY = YES;
				CLANG_WARN_ENUM_CONVERSION = YES;
				CLANG_WARN_INFINITE_RECURSION = YES;
				CLANG_WARN_INT_CONVERSION = YES;
				CLANG_WARN_NON_LITERAL_NULL_CONVERSION = YES;
				CLANG_WARN_OBJC_IMPLICIT_RETAIN_SELF = YES;
				CLANG_WARN_OBJC_LITERAL_CONVERSION = YES;
				CLANG_WARN_OBJC_ROOT_CLASS = YES_ERROR;
				CLANG_WARN_QUOTED_INCLUDE_IN_FRAMEWORK_HEADER = YES;
				CLANG_WARN_RANGE_LOOP_ANALYSIS = YES;
				CLANG_WARN_STRICT_PROTOTYPES = YES;
				CLANG_WARN_SUSPICIOUS_MOVE = YES;
				CLANG_WARN_UNGUARDED_AVAILABILITY = YES_AGGRESSIVE;
				CLANG_WARN_UNREACHABLE_CODE = YES;
				CLANG_WARN__DUPLICATE_METHOD_MATCH = YES;
				COPY_PHASE_STRIP = NO;
				DEBUG_INFORMATION_FORMAT = dwarf;
				ENABLE_STRICT_OBJC_MSGSEND = YES;
				ENABLE_TESTABILITY = YES;
				GCC_C_LANGUAGE_STANDARD = gnu11;
				GCC_DYNAMIC_NO_PIC = NO;
				GCC_NO_COMMON_BLOCKS = YES;
				GCC_OPTIMIZATION_LEVEL = 0;
				GCC_PREPROCESSOR_DEFINITIONS = (
					"DEBUG=1",
					"$(inherited)",
				);
				GCC_WARN_64_TO_32_BIT_CONVERSION = YES;
				GCC_WARN_ABOUT_RETURN_TYPE = YES_ERROR;
				GCC_WARN_UNDECLARED_SELECTOR = YES;
				GCC_WARN_UNINITIALIZED_AUTOS = YES_AGGRESSIVE;
				GCC_WARN_UNUSED_FUNCTION = YES;
				GCC_WARN_UNUSED_VARIABLE = YES;
				IPHONEOS_DEPLOYMENT_TARGET = 16.0;
				MTL_ENABLE_DEBUG_INFO = INCLUDE_SOURCE;
				MTL_FAST_MATH = YES;
				ONLY_ACTIVE_ARCH = YES;
				SDKROOT = iphoneos;
				SWIFT_ACTIVE_COMPILATION_CONDITIONS = DEBUG;
				SWIFT_OPTIMIZATION_LEVEL = "-Onone";
			};
			name = Debug;
		};
		ACEBB73829C3B2AA009D67BD /* Release */ = {
			isa = XCBuildConfiguration;
			buildSettings = {
				ALWAYS_SEARCH_USER_PATHS = NO;
				CLANG_ANALYZER_NONNULL = YES;
				CLANG_ANALYZER_NUMBER_OBJECT_CONVERSION = YES_AGGRESSIVE;
				CLANG_CXX_LANGUAGE_STANDARD = "gnu++20";
				CLANG_ENABLE_MODULES = YES;
				CLANG_ENABLE_OBJC_ARC = YES;
				CLANG_ENABLE_OBJC_WEAK = YES;
				CLANG_WARN_BLOCK_CAPTURE_AUTORELEASING = YES;
				CLANG_WARN_BOOL_CONVERSION = YES;
				CLANG_WARN_COMMA = YES;
				CLANG_WARN_CONSTANT_CONVERSION = YES;
				CLANG_WARN_DEPRECATED_OBJC_IMPLEMENTATIONS = YES;
				CLANG_WARN_DIRECT_OBJC_ISA_USAGE = YES_ERROR;
				CLANG_WARN_DOCUMENTATION_COMMENTS = YES;
				CLANG_WARN_EMPTY_BODY = YES;
				CLANG_WARN_ENUM_CONVERSION = YES;
				CLANG_WARN_INFINITE_RECURSION = YES;
				CLANG_WARN_INT_CONVERSION = YES;
				CLANG_WARN_NON_LITERAL_NULL_CONVERSION = YES;
				CLANG_WARN_OBJC_IMPLICIT_RETAIN_SELF = YES;
				CLANG_WARN_OBJC_LITERAL_CONVERSION = YES;
				CLANG_WARN_OBJC_ROOT_CLASS = YES_ERROR;
				CLANG_WARN_QUOTED_INCLUDE_IN_FRAMEWORK_HEADER = YES;
				CLANG_WARN_RANGE_LOOP_ANALYSIS = YES;
				CLANG_WARN_STRICT_PROTOTYPES = YES;
				CLANG_WARN_SUSPICIOUS_MOVE = YES;
				CLANG_WARN_UNGUARDED_AVAILABILITY = YES_AGGRESSIVE;
				CLANG_WARN_UNREACHABLE_CODE = YES;
				CLANG_WARN__DUPLICATE_METHOD_MATCH = YES;
				COPY_PHASE_STRIP = NO;
				DEBUG_INFORMATION_FORMAT = "dwarf-with-dsym";
				ENABLE_NS_ASSERTIONS = NO;
				ENABLE_STRICT_OBJC_MSGSEND = YES;
				GCC_C_LANGUAGE_STANDARD = gnu11;
				GCC_NO_COMMON_BLOCKS = YES;
				GCC_WARN_64_TO_32_BIT_CONVERSION = YES;
				GCC_WARN_ABOUT_RETURN_TYPE = YES_ERROR;
				GCC_WARN_UNDECLARED_SELECTOR = YES;
				GCC_WARN_UNINITIALIZED_AUTOS = YES_AGGRESSIVE;
				GCC_WARN_UNUSED_FUNCTION = YES;
				GCC_WARN_UNUSED_VARIABLE = YES;
				IPHONEOS_DEPLOYMENT_TARGET = 16.0;
				MTL_ENABLE_DEBUG_INFO = NO;
				MTL_FAST_MATH = YES;
				SDKROOT = iphoneos;
				SWIFT_COMPILATION_MODE = wholemodule;
				SWIFT_OPTIMIZATION_LEVEL = "-O";
				VALIDATE_PRODUCT = YES;
			};
			name = Release;
		};
		ACEBB73A29C3B2AA009D67BD /* Debug */ = {
			isa = XCBuildConfiguration;
			buildSettings = {
				ASSETCATALOG_COMPILER_APPICON_NAME = AppIcon;
				ASSETCATALOG_COMPILER_GLOBAL_ACCENT_COLOR_NAME = AccentColor;
				CODE_SIGN_STYLE = Automatic;
				CURRENT_PROJECT_VERSION = 1;
				GENERATE_INFOPLIST_FILE = YES;
				INFOPLIST_FILE = SmartyMarty/Info.plist;
				INFOPLIST_KEY_CFBundleDisplayName = SmartyMarty;
				INFOPLIST_KEY_UIApplicationSupportsIndirectInputEvents = YES;
				INFOPLIST_KEY_UILaunchStoryboardName = LaunchScreen;
				INFOPLIST_KEY_UIMainStoryboardFile = Main;
				INFOPLIST_KEY_UISupportedInterfaceOrientations = "UIInterfaceOrientationLandscapeLeft UIInterfaceOrientationLandscapeRight";
				INFOPLIST_KEY_UISupportedInterfaceOrientations_iPad = "UIInterfaceOrientationLandscapeLeft UIInterfaceOrientationLandscapeRight UIInterfaceOrientationPortraitUpsideDown";
				IPHONEOS_DEPLOYMENT_TARGET = 15.0;
				LD_RUNPATH_SEARCH_PATHS = (
					"$(inherited)",
					"@executable_path/Frameworks",
				);
				MARKETING_VERSION = 1.0;
				PRODUCT_BUNDLE_IDENTIFIER = kafanasiev.SmartyMarty;
				PRODUCT_NAME = "$(TARGET_NAME)";
				SWIFT_EMIT_LOC_STRINGS = YES;
				SWIFT_VERSION = 5.0;
				TARGETED_DEVICE_FAMILY = "1,2";
			};
			name = Debug;
		};
		ACEBB73B29C3B2AA009D67BD /* Release */ = {
			isa = XCBuildConfiguration;
			buildSettings = {
				ASSETCATALOG_COMPILER_APPICON_NAME = AppIcon;
				ASSETCATALOG_COMPILER_GLOBAL_ACCENT_COLOR_NAME = AccentColor;
				CODE_SIGN_STYLE = Automatic;
				CURRENT_PROJECT_VERSION = 1;
				GENERATE_INFOPLIST_FILE = YES;
				INFOPLIST_FILE = SmartyMarty/Info.plist;
				INFOPLIST_KEY_CFBundleDisplayName = SmartyMarty;
				INFOPLIST_KEY_UIApplicationSupportsIndirectInputEvents = YES;
				INFOPLIST_KEY_UILaunchStoryboardName = LaunchScreen;
				INFOPLIST_KEY_UIMainStoryboardFile = Main;
				INFOPLIST_KEY_UISupportedInterfaceOrientations = "UIInterfaceOrientationLandscapeLeft UIInterfaceOrientationLandscapeRight";
				INFOPLIST_KEY_UISupportedInterfaceOrientations_iPad = "UIInterfaceOrientationLandscapeLeft UIInterfaceOrientationLandscapeRight UIInterfaceOrientationPortraitUpsideDown";
				IPHONEOS_DEPLOYMENT_TARGET = 15.0;
				LD_RUNPATH_SEARCH_PATHS = (
					"$(inherited)",
					"@executable_path/Frameworks",
				);
				MARKETING_VERSION = 1.0;
				PRODUCT_BUNDLE_IDENTIFIER = kafanasiev.SmartyMarty;
				PRODUCT_NAME = "$(TARGET_NAME)";
				SWIFT_EMIT_LOC_STRINGS = YES;
				SWIFT_VERSION = 5.0;
				TARGETED_DEVICE_FAMILY = "1,2";
			};
			name = Release;
		};
/* End XCBuildConfiguration section */

/* Begin XCConfigurationList section */
		ACEBB72029C3B2A9009D67BD /* Build configuration list for PBXProject "SmartyMarty" */ = {
			isa = XCConfigurationList;
			buildConfigurations = (
				ACEBB73729C3B2AA009D67BD /* Debug */,
				ACEBB73829C3B2AA009D67BD /* Release */,
			);
			defaultConfigurationIsVisible = 0;
			defaultConfigurationName = Release;
		};
		ACEBB73929C3B2AA009D67BD /* Build configuration list for PBXNativeTarget "SmartyMarty" */ = {
			isa = XCConfigurationList;
			buildConfigurations = (
				ACEBB73A29C3B2AA009D67BD /* Debug */,
				ACEBB73B29C3B2AA009D67BD /* Release */,
			);
			defaultConfigurationIsVisible = 0;
			defaultConfigurationName = Release;
		};
/* End XCConfigurationList section */
	};
	rootObject = ACEBB71D29C3B2A9009D67BD /* Project object */;
}
