// !$*UTF8*$!
{
	archiveVersion = 1;
	classes = {
	};
	objectVersion = 55;
	objects = {

/* Begin PBXBuildFile section */
		AC766DEC29C4E08100383D0E /* QuizModel.swift in Sources */ = {isa = PBXBuildFile; fileRef = AC766DEB29C4E08100383D0E /* QuizModel.swift */; };
		AC766DEE29C4E09500383D0E /* QuizViewController.swift in Sources */ = {isa = PBXBuildFile; fileRef = AC766DED29C4E09500383D0E /* QuizViewController.swift */; };
		ACEBB72929C3B2A9009D67BD /* AppDelegate.swift in Sources */ = {isa = PBXBuildFile; fileRef = ACEBB72829C3B2A9009D67BD /* AppDelegate.swift */; };
		ACEBB72B29C3B2A9009D67BD /* SceneDelegate.swift in Sources */ = {isa = PBXBuildFile; fileRef = ACEBB72A29C3B2A9009D67BD /* SceneDelegate.swift */; };
		ACEBB72D29C3B2A9009D67BD /* ViewController.swift in Sources */ = {isa = PBXBuildFile; fileRef = ACEBB72C29C3B2A9009D67BD /* ViewController.swift */; };
		ACEBB73029C3B2A9009D67BD /* Main.storyboard in Resources */ = {isa = PBXBuildFile; fileRef = ACEBB72E29C3B2A9009D67BD /* Main.storyboard */; };
		ACEBB73229C3B2AA009D67BD /* Assets.xcassets in Resources */ = {isa = PBXBuildFile; fileRef = ACEBB73129C3B2AA009D67BD /* Assets.xcassets */; };
		ACEBB73529C3B2AA009D67BD /* LaunchScreen.storyboard in Resources */ = {isa = PBXBuildFile; fileRef = ACEBB73329C3B2AA009D67BD /* LaunchScreen.storyboard */; };
		B353AB1029E265140069982A /* WebViewController.swift in Sources */ = {isa = PBXBuildFile; fileRef = B353AB0F29E265140069982A /* WebViewController.swift */; };
		B353AB1229E434230069982A /* Alphabet.jpeg in Resources */ = {isa = PBXBuildFile; fileRef = B353AB1129E434230069982A /* Alphabet.jpeg */; };
		B353AB1429E4351A0069982A /* AlphabetController.swift in Sources */ = {isa = PBXBuildFile; fileRef = B353AB1329E4351A0069982A /* AlphabetController.swift */; };
		B353AB1629E4371B0069982A /* SiteCell.swift in Sources */ = {isa = PBXBuildFile; fileRef = B353AB1529E4371B0069982A /* SiteCell.swift */; };
		B353AB1A29E43C230069982A /* Alphabet.swift in Sources */ = {isa = PBXBuildFile; fileRef = B353AB1929E43C230069982A /* Alphabet.swift */; };
		B37F298029E1C2B2005A4D34 /* Kids_App_2.png in Resources */ = {isa = PBXBuildFile; fileRef = B37F297B29E1C2B2005A4D34 /* Kids_App_2.png */; };
		B37F298129E1C2B2005A4D34 /* Kids_App_1.png in Resources */ = {isa = PBXBuildFile; fileRef = B37F297C29E1C2B2005A4D34 /* Kids_App_1.png */; };
		B37F298229E1C2B2005A4D34 /* Kids_App_3.png in Resources */ = {isa = PBXBuildFile; fileRef = B37F297D29E1C2B2005A4D34 /* Kids_App_3.png */; };
		B37F298329E1C2B2005A4D34 /* Kids_App_4.png in Resources */ = {isa = PBXBuildFile; fileRef = B37F297E29E1C2B2005A4D34 /* Kids_App_4.png */; };
		B37F298429E1C2B2005A4D34 /* Kids_App-01.png in Resources */ = {isa = PBXBuildFile; fileRef = B37F297F29E1C2B2005A4D34 /* Kids_App-01.png */; };
		B37F298629E230B0005A4D34 /* SettingViewController.swift in Sources */ = {isa = PBXBuildFile; fileRef = B37F298529E230B0005A4D34 /* SettingViewController.swift */; };
		B37F298829E230D4005A4D34 /* AboutUsViewController.swift in Sources */ = {isa = PBXBuildFile; fileRef = B37F298729E230D4005A4D34 /* AboutUsViewController.swift */; };
		B37F298A29E23106005A4D34 /* SoundsViewController.swift in Sources */ = {isa = PBXBuildFile; fileRef = B37F298929E23106005A4D34 /* SoundsViewController.swift */; };
		B37F298C29E24A72005A4D34 /* facebook.png in Resources */ = {isa = PBXBuildFile; fileRef = B37F298B29E24A72005A4D34 /* facebook.png */; };
		B393B7BA29ED71CB00FA2588 /* SoundManager.swift in Sources */ = {isa = PBXBuildFile; fileRef = B393B7B929ED71CB00FA2588 /* SoundManager.swift */; };
		B393B8E729ED774200FA2588 /* A a.mp3 in Resources */ = {isa = PBXBuildFile; fileRef = B393B8E629ED774200FA2588 /* A a.mp3 */; };
		B393B8FF29ED775A00FA2588 /* R r.mp3 in Resources */ = {isa = PBXBuildFile; fileRef = B393B8E829ED775800FA2588 /* R r.mp3 */; };
		B393B90029ED775A00FA2588 /* X x.mp3 in Resources */ = {isa = PBXBuildFile; fileRef = B393B8E929ED775800FA2588 /* X x.mp3 */; };
		B393B90129ED775A00FA2588 /* P p.mp3 in Resources */ = {isa = PBXBuildFile; fileRef = B393B8EA29ED775800FA2588 /* P p.mp3 */; };
		B393B90229ED775A00FA2588 /* L l.mp3 in Resources */ = {isa = PBXBuildFile; fileRef = B393B8EB29ED775800FA2588 /* L l.mp3 */; };
		B393B90329ED775A00FA2588 /* M m.mp3 in Resources */ = {isa = PBXBuildFile; fileRef = B393B8EC29ED775800FA2588 /* M m.mp3 */; };
		B393B90429ED775A00FA2588 /* F f.mp3 in Resources */ = {isa = PBXBuildFile; fileRef = B393B8ED29ED775900FA2588 /* F f.mp3 */; };
		B393B90529ED775A00FA2588 /* N n.mp3 in Resources */ = {isa = PBXBuildFile; fileRef = B393B8EE29ED775900FA2588 /* N n.mp3 */; };
		B393B90629ED775A00FA2588 /* Z z.mp3 in Resources */ = {isa = PBXBuildFile; fileRef = B393B8EF29ED775900FA2588 /* Z z.mp3 */; };
		B393B90729ED775A00FA2588 /* B b.mp3 in Resources */ = {isa = PBXBuildFile; fileRef = B393B8F029ED775900FA2588 /* B b.mp3 */; };
		B393B90829ED775A00FA2588 /* T t.mp3 in Resources */ = {isa = PBXBuildFile; fileRef = B393B8F129ED775900FA2588 /* T t.mp3 */; };
		B393B90929ED775A00FA2588 /* W w.mp3 in Resources */ = {isa = PBXBuildFile; fileRef = B393B8F229ED775900FA2588 /* W w.mp3 */; };
		B393B90A29ED775A00FA2588 /* Q q.mp3 in Resources */ = {isa = PBXBuildFile; fileRef = B393B8F329ED775900FA2588 /* Q q.mp3 */; };
		B393B90B29ED775A00FA2588 /* D d.mp3 in Resources */ = {isa = PBXBuildFile; fileRef = B393B8F429ED775900FA2588 /* D d.mp3 */; };
		B393B90C29ED775A00FA2588 /* O o.mp3 in Resources */ = {isa = PBXBuildFile; fileRef = B393B8F529ED775900FA2588 /* O o.mp3 */; };
		B393B90D29ED775A00FA2588 /* S s.mp3 in Resources */ = {isa = PBXBuildFile; fileRef = B393B8F629ED775900FA2588 /* S s.mp3 */; };
		B393B90E29ED775A00FA2588 /* C c.mp3 in Resources */ = {isa = PBXBuildFile; fileRef = B393B8F729ED775900FA2588 /* C c.mp3 */; };
		B393B90F29ED775A00FA2588 /* U u.mp3 in Resources */ = {isa = PBXBuildFile; fileRef = B393B8F829ED775900FA2588 /* U u.mp3 */; };
		B393B91029ED775A00FA2588 /* V v.mp3 in Resources */ = {isa = PBXBuildFile; fileRef = B393B8F929ED775900FA2588 /* V v.mp3 */; };
		B393B91129ED775A00FA2588 /* J j.mp3 in Resources */ = {isa = PBXBuildFile; fileRef = B393B8FA29ED775900FA2588 /* J j.mp3 */; };
		B393B91229ED775A00FA2588 /* K k.mp3 in Resources */ = {isa = PBXBuildFile; fileRef = B393B8FB29ED775900FA2588 /* K k.mp3 */; };
		B393B91329ED775A00FA2588 /* Y y.mp3 in Resources */ = {isa = PBXBuildFile; fileRef = B393B8FC29ED775900FA2588 /* Y y.mp3 */; };
		B393B91429ED775A00FA2588 /* G g.mp3 in Resources */ = {isa = PBXBuildFile; fileRef = B393B8FD29ED775A00FA2588 /* G g.mp3 */; };
		B393B91529ED775A00FA2588 /* H h.mp3 in Resources */ = {isa = PBXBuildFile; fileRef = B393B8FE29ED775A00FA2588 /* H h.mp3 */; };
/* End PBXBuildFile section */

/* Begin PBXFileReference section */
		AC766DEB29C4E08100383D0E /* QuizModel.swift */ = {isa = PBXFileReference; lastKnownFileType = sourcecode.swift; path = QuizModel.swift; sourceTree = "<group>"; };
		AC766DED29C4E09500383D0E /* QuizViewController.swift */ = {isa = PBXFileReference; lastKnownFileType = sourcecode.swift; path = QuizViewController.swift; sourceTree = "<group>"; };
		ACEBB72529C3B2A9009D67BD /* SmartyMarty.app */ = {isa = PBXFileReference; explicitFileType = wrapper.application; includeInIndex = 0; path = SmartyMarty.app; sourceTree = BUILT_PRODUCTS_DIR; };
		ACEBB72829C3B2A9009D67BD /* AppDelegate.swift */ = {isa = PBXFileReference; lastKnownFileType = sourcecode.swift; path = AppDelegate.swift; sourceTree = "<group>"; };
		ACEBB72A29C3B2A9009D67BD /* SceneDelegate.swift */ = {isa = PBXFileReference; lastKnownFileType = sourcecode.swift; path = SceneDelegate.swift; sourceTree = "<group>"; };
		ACEBB72C29C3B2A9009D67BD /* ViewController.swift */ = {isa = PBXFileReference; lastKnownFileType = sourcecode.swift; path = ViewController.swift; sourceTree = "<group>"; };
		ACEBB72F29C3B2A9009D67BD /* Base */ = {isa = PBXFileReference; lastKnownFileType = file.storyboard; name = Base; path = Base.lproj/Main.storyboard; sourceTree = "<group>"; };
		ACEBB73129C3B2AA009D67BD /* Assets.xcassets */ = {isa = PBXFileReference; lastKnownFileType = folder.assetcatalog; path = Assets.xcassets; sourceTree = "<group>"; };
		ACEBB73429C3B2AA009D67BD /* Base */ = {isa = PBXFileReference; lastKnownFileType = file.storyboard; name = Base; path = Base.lproj/LaunchScreen.storyboard; sourceTree = "<group>"; };
		ACEBB73629C3B2AA009D67BD /* Info.plist */ = {isa = PBXFileReference; lastKnownFileType = text.plist.xml; path = Info.plist; sourceTree = "<group>"; };
		B353AB0F29E265140069982A /* WebViewController.swift */ = {isa = PBXFileReference; lastKnownFileType = sourcecode.swift; path = WebViewController.swift; sourceTree = "<group>"; };
		B353AB1129E434230069982A /* Alphabet.jpeg */ = {isa = PBXFileReference; lastKnownFileType = image.jpeg; path = Alphabet.jpeg; sourceTree = "<group>"; };
		B353AB1329E4351A0069982A /* AlphabetController.swift */ = {isa = PBXFileReference; lastKnownFileType = sourcecode.swift; path = AlphabetController.swift; sourceTree = "<group>"; };
		B353AB1529E4371B0069982A /* SiteCell.swift */ = {isa = PBXFileReference; lastKnownFileType = sourcecode.swift; path = SiteCell.swift; sourceTree = "<group>"; };
		B353AB1929E43C230069982A /* Alphabet.swift */ = {isa = PBXFileReference; lastKnownFileType = sourcecode.swift; path = Alphabet.swift; sourceTree = "<group>"; };
		B37F297B29E1C2B2005A4D34 /* Kids_App_2.png */ = {isa = PBXFileReference; lastKnownFileType = image.png; path = Kids_App_2.png; sourceTree = "<group>"; };
		B37F297C29E1C2B2005A4D34 /* Kids_App_1.png */ = {isa = PBXFileReference; lastKnownFileType = image.png; path = Kids_App_1.png; sourceTree = "<group>"; };
		B37F297D29E1C2B2005A4D34 /* Kids_App_3.png */ = {isa = PBXFileReference; lastKnownFileType = image.png; path = Kids_App_3.png; sourceTree = "<group>"; };
		B37F297E29E1C2B2005A4D34 /* Kids_App_4.png */ = {isa = PBXFileReference; lastKnownFileType = image.png; path = Kids_App_4.png; sourceTree = "<group>"; };
		B37F297F29E1C2B2005A4D34 /* Kids_App-01.png */ = {isa = PBXFileReference; lastKnownFileType = image.png; path = "Kids_App-01.png"; sourceTree = "<group>"; };
		B37F298529E230B0005A4D34 /* SettingViewController.swift */ = {isa = PBXFileReference; lastKnownFileType = sourcecode.swift; path = SettingViewController.swift; sourceTree = "<group>"; };
		B37F298729E230D4005A4D34 /* AboutUsViewController.swift */ = {isa = PBXFileReference; lastKnownFileType = sourcecode.swift; path = AboutUsViewController.swift; sourceTree = "<group>"; };
		B37F298929E23106005A4D34 /* SoundsViewController.swift */ = {isa = PBXFileReference; lastKnownFileType = sourcecode.swift; path = SoundsViewController.swift; sourceTree = "<group>"; };
		B37F298B29E24A72005A4D34 /* facebook.png */ = {isa = PBXFileReference; lastKnownFileType = image.png; path = facebook.png; sourceTree = "<group>"; };
		B393B7B929ED71CB00FA2588 /* SoundManager.swift */ = {isa = PBXFileReference; fileEncoding = 4; lastKnownFileType = sourcecode.swift; path = SoundManager.swift; sourceTree = "<group>"; };
		B393B8E629ED774200FA2588 /* A a.mp3 */ = {isa = PBXFileReference; lastKnownFileType = audio.mp3; path = "A a.mp3"; sourceTree = "<group>"; };
		B393B8E829ED775800FA2588 /* R r.mp3 */ = {isa = PBXFileReference; lastKnownFileType = audio.mp3; path = "R r.mp3"; sourceTree = "<group>"; };
		B393B8E929ED775800FA2588 /* X x.mp3 */ = {isa = PBXFileReference; lastKnownFileType = audio.mp3; path = "X x.mp3"; sourceTree = "<group>"; };
		B393B8EA29ED775800FA2588 /* P p.mp3 */ = {isa = PBXFileReference; lastKnownFileType = audio.mp3; path = "P p.mp3"; sourceTree = "<group>"; };
		B393B8EB29ED775800FA2588 /* L l.mp3 */ = {isa = PBXFileReference; lastKnownFileType = audio.mp3; path = "L l.mp3"; sourceTree = "<group>"; };
		B393B8EC29ED775800FA2588 /* M m.mp3 */ = {isa = PBXFileReference; lastKnownFileType = audio.mp3; path = "M m.mp3"; sourceTree = "<group>"; };
		B393B8ED29ED775900FA2588 /* F f.mp3 */ = {isa = PBXFileReference; lastKnownFileType = audio.mp3; path = "F f.mp3"; sourceTree = "<group>"; };
		B393B8EE29ED775900FA2588 /* N n.mp3 */ = {isa = PBXFileReference; lastKnownFileType = audio.mp3; path = "N n.mp3"; sourceTree = "<group>"; };
		B393B8EF29ED775900FA2588 /* Z z.mp3 */ = {isa = PBXFileReference; lastKnownFileType = audio.mp3; path = "Z z.mp3"; sourceTree = "<group>"; };
		B393B8F029ED775900FA2588 /* B b.mp3 */ = {isa = PBXFileReference; lastKnownFileType = audio.mp3; path = "B b.mp3"; sourceTree = "<group>"; };
		B393B8F129ED775900FA2588 /* T t.mp3 */ = {isa = PBXFileReference; lastKnownFileType = audio.mp3; path = "T t.mp3"; sourceTree = "<group>"; };
		B393B8F229ED775900FA2588 /* W w.mp3 */ = {isa = PBXFileReference; lastKnownFileType = audio.mp3; path = "W w.mp3"; sourceTree = "<group>"; };
		B393B8F329ED775900FA2588 /* Q q.mp3 */ = {isa = PBXFileReference; lastKnownFileType = audio.mp3; path = "Q q.mp3"; sourceTree = "<group>"; };
		B393B8F429ED775900FA2588 /* D d.mp3 */ = {isa = PBXFileReference; lastKnownFileType = audio.mp3; path = "D d.mp3"; sourceTree = "<group>"; };
		B393B8F529ED775900FA2588 /* O o.mp3 */ = {isa = PBXFileReference; lastKnownFileType = audio.mp3; path = "O o.mp3"; sourceTree = "<group>"; };
		B393B8F629ED775900FA2588 /* S s.mp3 */ = {isa = PBXFileReference; lastKnownFileType = audio.mp3; path = "S s.mp3"; sourceTree = "<group>"; };
		B393B8F729ED775900FA2588 /* C c.mp3 */ = {isa = PBXFileReference; lastKnownFileType = audio.mp3; path = "C c.mp3"; sourceTree = "<group>"; };
		B393B8F829ED775900FA2588 /* U u.mp3 */ = {isa = PBXFileReference; lastKnownFileType = audio.mp3; path = "U u.mp3"; sourceTree = "<group>"; };
		B393B8F929ED775900FA2588 /* V v.mp3 */ = {isa = PBXFileReference; lastKnownFileType = audio.mp3; path = "V v.mp3"; sourceTree = "<group>"; };
		B393B8FA29ED775900FA2588 /* J j.mp3 */ = {isa = PBXFileReference; lastKnownFileType = audio.mp3; path = "J j.mp3"; sourceTree = "<group>"; };
		B393B8FB29ED775900FA2588 /* K k.mp3 */ = {isa = PBXFileReference; lastKnownFileType = audio.mp3; path = "K k.mp3"; sourceTree = "<group>"; };
		B393B8FC29ED775900FA2588 /* Y y.mp3 */ = {isa = PBXFileReference; lastKnownFileType = audio.mp3; path = "Y y.mp3"; sourceTree = "<group>"; };
		B393B8FD29ED775A00FA2588 /* G g.mp3 */ = {isa = PBXFileReference; lastKnownFileType = audio.mp3; path = "G g.mp3"; sourceTree = "<group>"; };
		B393B8FE29ED775A00FA2588 /* H h.mp3 */ = {isa = PBXFileReference; lastKnownFileType = audio.mp3; path = "H h.mp3"; sourceTree = "<group>"; };
/* End PBXFileReference section */

/* Begin PBXFrameworksBuildPhase section */
		ACEBB72229C3B2A9009D67BD /* Frameworks */ = {
			isa = PBXFrameworksBuildPhase;
			buildActionMask = 2147483647;
			files = (
			);
			runOnlyForDeploymentPostprocessing = 0;
		};
/* End PBXFrameworksBuildPhase section */

/* Begin PBXGroup section */
		AC766DE829C4E00000383D0E /* ViewControllers */ = {
			isa = PBXGroup;
			children = (
				ACEBB72C29C3B2A9009D67BD /* ViewController.swift */,
				AC766DED29C4E09500383D0E /* QuizViewController.swift */,
				B37F298529E230B0005A4D34 /* SettingViewController.swift */,
				B37F298729E230D4005A4D34 /* AboutUsViewController.swift */,
				B37F298929E23106005A4D34 /* SoundsViewController.swift */,
				B353AB0F29E265140069982A /* WebViewController.swift */,
				B353AB1329E4351A0069982A /* AlphabetController.swift */,
			);
			path = ViewControllers;
			sourceTree = "<group>";
		};
		AC766DE929C4E01000383D0E /* Views */ = {
			isa = PBXGroup;
			children = (
				ACEBB73329C3B2AA009D67BD /* LaunchScreen.storyboard */,
				ACEBB72E29C3B2A9009D67BD /* Main.storyboard */,
			);
			path = Views;
			sourceTree = "<group>";
		};
		AC766DEA29C4E02500383D0E /* Models */ = {
			isa = PBXGroup;
			children = (
				B393B7B929ED71CB00FA2588 /* SoundManager.swift */,
				ACEBB72A29C3B2A9009D67BD /* SceneDelegate.swift */,
				ACEBB72829C3B2A9009D67BD /* AppDelegate.swift */,
				AC766DEB29C4E08100383D0E /* QuizModel.swift */,
				B353AB1529E4371B0069982A /* SiteCell.swift */,
				B353AB1929E43C230069982A /* Alphabet.swift */,
			);
			path = Models;
			sourceTree = "<group>";
		};
		ACEBB71C29C3B2A9009D67BD = {
			isa = PBXGroup;
			children = (
				ACEBB72729C3B2A9009D67BD /* SmartyMarty */,
				ACEBB72629C3B2A9009D67BD /* Products */,
			);
			sourceTree = "<group>";
		};
		ACEBB72629C3B2A9009D67BD /* Products */ = {
			isa = PBXGroup;
			children = (
				ACEBB72529C3B2A9009D67BD /* SmartyMarty.app */,
			);
			name = Products;
			sourceTree = "<group>";
		};
		ACEBB72729C3B2A9009D67BD /* SmartyMarty */ = {
			isa = PBXGroup;
			children = (
				B393B8B429ED770500FA2588 /* sounds */,
				B393B8B329ED76EE00FA2588 /* New Group */,
				B37F297A29E1C27A005A4D34 /* Images */,
				AC766DEA29C4E02500383D0E /* Models */,
				AC766DE829C4E00000383D0E /* ViewControllers */,
				AC766DE929C4E01000383D0E /* Views */,
				ACEBB73629C3B2AA009D67BD /* Info.plist */,
			);
			path = SmartyMarty;
			sourceTree = "<group>";
		};
		B37F297A29E1C27A005A4D34 /* Images */ = {
			isa = PBXGroup;
			children = (
				B353AB1129E434230069982A /* Alphabet.jpeg */,
				B37F297C29E1C2B2005A4D34 /* Kids_App_1.png */,
				B37F298B29E24A72005A4D34 /* facebook.png */,
				B37F297B29E1C2B2005A4D34 /* Kids_App_2.png */,
				B37F297D29E1C2B2005A4D34 /* Kids_App_3.png */,
				B37F297E29E1C2B2005A4D34 /* Kids_App_4.png */,
				B37F297F29E1C2B2005A4D34 /* Kids_App-01.png */,
				ACEBB73129C3B2AA009D67BD /* Assets.xcassets */,
			);
			path = Images;
			sourceTree = "<group>";
		};
		B393B8B329ED76EE00FA2588 /* New Group */ = {
			isa = PBXGroup;
			children = (
			);
			path = "New Group";
			sourceTree = "<group>";
		};
		B393B8B429ED770500FA2588 /* sounds */ = {
			isa = PBXGroup;
			children = (
				B393B8F029ED775900FA2588 /* B b.mp3 */,
				B393B8F729ED775900FA2588 /* C c.mp3 */,
				B393B8F429ED775900FA2588 /* D d.mp3 */,
				B393B8ED29ED775900FA2588 /* F f.mp3 */,
				B393B8FD29ED775A00FA2588 /* G g.mp3 */,
				B393B8FE29ED775A00FA2588 /* H h.mp3 */,
				B393B8FA29ED775900FA2588 /* J j.mp3 */,
				B393B8FB29ED775900FA2588 /* K k.mp3 */,
				B393B8EB29ED775800FA2588 /* L l.mp3 */,
				B393B8EC29ED775800FA2588 /* M m.mp3 */,
				B393B8EE29ED775900FA2588 /* N n.mp3 */,
				B393B8F529ED775900FA2588 /* O o.mp3 */,
				B393B8EA29ED775800FA2588 /* P p.mp3 */,
				B393B8F329ED775900FA2588 /* Q q.mp3 */,
				B393B8E829ED775800FA2588 /* R r.mp3 */,
				B393B8F629ED775900FA2588 /* S s.mp3 */,
				B393B8F129ED775900FA2588 /* T t.mp3 */,
				B393B8F829ED775900FA2588 /* U u.mp3 */,
				B393B8F929ED775900FA2588 /* V v.mp3 */,
				B393B8F229ED775900FA2588 /* W w.mp3 */,
				B393B8E929ED775800FA2588 /* X x.mp3 */,
				B393B8FC29ED775900FA2588 /* Y y.mp3 */,
				B393B8EF29ED775900FA2588 /* Z z.mp3 */,
				B393B8E629ED774200FA2588 /* A a.mp3 */,
			);
			path = sounds;
			sourceTree = "<group>";
		};
/* End PBXGroup section */

/* Begin PBXNativeTarget section */
		ACEBB72429C3B2A9009D67BD /* SmartyMarty */ = {
			isa = PBXNativeTarget;
			buildConfigurationList = ACEBB73929C3B2AA009D67BD /* Build configuration list for PBXNativeTarget "SmartyMarty" */;
			buildPhases = (
				ACEBB72129C3B2A9009D67BD /* Sources */,
				ACEBB72229C3B2A9009D67BD /* Frameworks */,
				ACEBB72329C3B2A9009D67BD /* Resources */,
			);
			buildRules = (
			);
			dependencies = (
			);
			name = SmartyMarty;
			productName = SmartyMarty;
			productReference = ACEBB72529C3B2A9009D67BD /* SmartyMarty.app */;
			productType = "com.apple.product-type.application";
		};
/* End PBXNativeTarget section */

/* Begin PBXProject section */
		ACEBB71D29C3B2A9009D67BD /* Project object */ = {
			isa = PBXProject;
			attributes = {
				BuildIndependentTargetsInParallel = 1;
				LastSwiftUpdateCheck = 1400;
				LastUpgradeCheck = 1400;
				TargetAttributes = {
					ACEBB72429C3B2A9009D67BD = {
						CreatedOnToolsVersion = 14.0.1;
					};
				};
			};
			buildConfigurationList = ACEBB72029C3B2A9009D67BD /* Build configuration list for PBXProject "SmartyMarty" */;
			compatibilityVersion = "Xcode 13.0";
			developmentRegion = en;
			hasScannedForEncodings = 0;
			knownRegions = (
				en,
				Base,
			);
			mainGroup = ACEBB71C29C3B2A9009D67BD;
			productRefGroup = ACEBB72629C3B2A9009D67BD /* Products */;
			projectDirPath = "";
			projectRoot = "";
			targets = (
				ACEBB72429C3B2A9009D67BD /* SmartyMarty */,
			);
		};
/* End PBXProject section */

/* Begin PBXResourcesBuildPhase section */
		ACEBB72329C3B2A9009D67BD /* Resources */ = {
			isa = PBXResourcesBuildPhase;
			buildActionMask = 2147483647;
			files = (
				B393B90229ED775A00FA2588 /* L l.mp3 in Resources */,
				ACEBB73529C3B2AA009D67BD /* LaunchScreen.storyboard in Resources */,
				B37F298029E1C2B2005A4D34 /* Kids_App_2.png in Resources */,
				B37F298129E1C2B2005A4D34 /* Kids_App_1.png in Resources */,
				B393B90129ED775A00FA2588 /* P p.mp3 in Resources */,
				B393B90729ED775A00FA2588 /* B b.mp3 in Resources */,
				B37F298429E1C2B2005A4D34 /* Kids_App-01.png in Resources */,
				B353AB1229E434230069982A /* Alphabet.jpeg in Resources */,
				B37F298C29E24A72005A4D34 /* facebook.png in Resources */,
				B393B90429ED775A00FA2588 /* F f.mp3 in Resources */,
				B393B90C29ED775A00FA2588 /* O o.mp3 in Resources */,
				B393B90029ED775A00FA2588 /* X x.mp3 in Resources */,
				B393B91429ED775A00FA2588 /* G g.mp3 in Resources */,
				B393B8E729ED774200FA2588 /* A a.mp3 in Resources */,
				B393B90D29ED775A00FA2588 /* S s.mp3 in Resources */,
				B37F298329E1C2B2005A4D34 /* Kids_App_4.png in Resources */,
				B393B91129ED775A00FA2588 /* J j.mp3 in Resources */,
				ACEBB73229C3B2AA009D67BD /* Assets.xcassets in Resources */,
				B393B91229ED775A00FA2588 /* K k.mp3 in Resources */,
				B393B8FF29ED775A00FA2588 /* R r.mp3 in Resources */,
				B37F298229E1C2B2005A4D34 /* Kids_App_3.png in Resources */,
				B393B90629ED775A00FA2588 /* Z z.mp3 in Resources */,
				B393B90A29ED775A00FA2588 /* Q q.mp3 in Resources */,
				B393B90929ED775A00FA2588 /* W w.mp3 in Resources */,
				B393B91329ED775A00FA2588 /* Y y.mp3 in Resources */,
				B393B90E29ED775A00FA2588 /* C c.mp3 in Resources */,
				B393B91029ED775A00FA2588 /* V v.mp3 in Resources */,
				B393B91529ED775A00FA2588 /* H h.mp3 in Resources */,
				B393B90529ED775A00FA2588 /* N n.mp3 in Resources */,
				B393B90829ED775A00FA2588 /* T t.mp3 in Resources */,
				B393B90B29ED775A00FA2588 /* D d.mp3 in Resources */,
				ACEBB73029C3B2A9009D67BD /* Main.storyboard in Resources */,
				B393B90329ED775A00FA2588 /* M m.mp3 in Resources */,
				B393B90F29ED775A00FA2588 /* U u.mp3 in Resources */,
			);
			runOnlyForDeploymentPostprocessing = 0;
		};
/* End PBXResourcesBuildPhase section */

/* Begin PBXSourcesBuildPhase section */
		ACEBB72129C3B2A9009D67BD /* Sources */ = {
			isa = PBXSourcesBuildPhase;
			buildActionMask = 2147483647;
			files = (
				B37F298A29E23106005A4D34 /* SoundsViewController.swift in Sources */,
				B353AB1629E4371B0069982A /* SiteCell.swift in Sources */,
				B353AB1029E265140069982A /* WebViewController.swift in Sources */,
				AC766DEC29C4E08100383D0E /* QuizModel.swift in Sources */,
				B393B7BA29ED71CB00FA2588 /* SoundManager.swift in Sources */,
				AC766DEE29C4E09500383D0E /* QuizViewController.swift in Sources */,
				ACEBB72D29C3B2A9009D67BD /* ViewController.swift in Sources */,
				ACEBB72929C3B2A9009D67BD /* AppDelegate.swift in Sources */,
				B353AB1A29E43C230069982A /* Alphabet.swift in Sources */,
				B37F298829E230D4005A4D34 /* AboutUsViewController.swift in Sources */,
				ACEBB72B29C3B2A9009D67BD /* SceneDelegate.swift in Sources */,
				B353AB1429E4351A0069982A /* AlphabetController.swift in Sources */,
				B37F298629E230B0005A4D34 /* SettingViewController.swift in Sources */,
			);
			runOnlyForDeploymentPostprocessing = 0;
		};
/* End PBXSourcesBuildPhase section */

/* Begin PBXVariantGroup section */
		ACEBB72E29C3B2A9009D67BD /* Main.storyboard */ = {
			isa = PBXVariantGroup;
			children = (
				ACEBB72F29C3B2A9009D67BD /* Base */,
			);
			name = Main.storyboard;
			sourceTree = "<group>";
		};
		ACEBB73329C3B2AA009D67BD /* LaunchScreen.storyboard */ = {
			isa = PBXVariantGroup;
			children = (
				ACEBB73429C3B2AA009D67BD /* Base */,
			);
			name = LaunchScreen.storyboard;
			sourceTree = "<group>";
		};
/* End PBXVariantGroup section */

/* Begin XCBuildConfiguration section */
		ACEBB73729C3B2AA009D67BD /* Debug */ = {
			isa = XCBuildConfiguration;
			buildSettings = {
				ALWAYS_SEARCH_USER_PATHS = NO;
				CLANG_ANALYZER_NONNULL = YES;
				CLANG_ANALYZER_NUMBER_OBJECT_CONVERSION = YES_AGGRESSIVE;
				CLANG_CXX_LANGUAGE_STANDARD = "gnu++20";
				CLANG_ENABLE_MODULES = YES;
				CLANG_ENABLE_OBJC_ARC = YES;
				CLANG_ENABLE_OBJC_WEAK = YES;
				CLANG_WARN_BLOCK_CAPTURE_AUTORELEASING = YES;
				CLANG_WARN_BOOL_CONVERSION = YES;
				CLANG_WARN_COMMA = YES;
				CLANG_WARN_CONSTANT_CONVERSION = YES;
				CLANG_WARN_DEPRECATED_OBJC_IMPLEMENTATIONS = YES;
				CLANG_WARN_DIRECT_OBJC_ISA_USAGE = YES_ERROR;
				CLANG_WARN_DOCUMENTATION_COMMENTS = YES;
				CLANG_WARN_EMPTY_BODY = YES;
				CLANG_WARN_ENUM_CONVERSION = YES;
				CLANG_WARN_INFINITE_RECURSION = YES;
				CLANG_WARN_INT_CONVERSION = YES;
				CLANG_WARN_NON_LITERAL_NULL_CONVERSION = YES;
				CLANG_WARN_OBJC_IMPLICIT_RETAIN_SELF = YES;
				CLANG_WARN_OBJC_LITERAL_CONVERSION = YES;
				CLANG_WARN_OBJC_ROOT_CLASS = YES_ERROR;
				CLANG_WARN_QUOTED_INCLUDE_IN_FRAMEWORK_HEADER = YES;
				CLANG_WARN_RANGE_LOOP_ANALYSIS = YES;
				CLANG_WARN_STRICT_PROTOTYPES = YES;
				CLANG_WARN_SUSPICIOUS_MOVE = YES;
				CLANG_WARN_UNGUARDED_AVAILABILITY = YES_AGGRESSIVE;
				CLANG_WARN_UNREACHABLE_CODE = YES;
				CLANG_WARN__DUPLICATE_METHOD_MATCH = YES;
				COPY_PHASE_STRIP = NO;
				DEBUG_INFORMATION_FORMAT = dwarf;
				ENABLE_STRICT_OBJC_MSGSEND = YES;
				ENABLE_TESTABILITY = YES;
				GCC_C_LANGUAGE_STANDARD = gnu11;
				GCC_DYNAMIC_NO_PIC = NO;
				GCC_NO_COMMON_BLOCKS = YES;
				GCC_OPTIMIZATION_LEVEL = 0;
				GCC_PREPROCESSOR_DEFINITIONS = (
					"DEBUG=1",
					"$(inherited)",
				);
				GCC_WARN_64_TO_32_BIT_CONVERSION = YES;
				GCC_WARN_ABOUT_RETURN_TYPE = YES_ERROR;
				GCC_WARN_UNDECLARED_SELECTOR = YES;
				GCC_WARN_UNINITIALIZED_AUTOS = YES_AGGRESSIVE;
				GCC_WARN_UNUSED_FUNCTION = YES;
				GCC_WARN_UNUSED_VARIABLE = YES;
				IPHONEOS_DEPLOYMENT_TARGET = 16.0;
				MTL_ENABLE_DEBUG_INFO = INCLUDE_SOURCE;
				MTL_FAST_MATH = YES;
				ONLY_ACTIVE_ARCH = YES;
				SDKROOT = iphoneos;
				SWIFT_ACTIVE_COMPILATION_CONDITIONS = DEBUG;
				SWIFT_OPTIMIZATION_LEVEL = "-Onone";
			};
			name = Debug;
		};
		ACEBB73829C3B2AA009D67BD /* Release */ = {
			isa = XCBuildConfiguration;
			buildSettings = {
				ALWAYS_SEARCH_USER_PATHS = NO;
				CLANG_ANALYZER_NONNULL = YES;
				CLANG_ANALYZER_NUMBER_OBJECT_CONVERSION = YES_AGGRESSIVE;
				CLANG_CXX_LANGUAGE_STANDARD = "gnu++20";
				CLANG_ENABLE_MODULES = YES;
				CLANG_ENABLE_OBJC_ARC = YES;
				CLANG_ENABLE_OBJC_WEAK = YES;
				CLANG_WARN_BLOCK_CAPTURE_AUTORELEASING = YES;
				CLANG_WARN_BOOL_CONVERSION = YES;
				CLANG_WARN_COMMA = YES;
				CLANG_WARN_CONSTANT_CONVERSION = YES;
				CLANG_WARN_DEPRECATED_OBJC_IMPLEMENTATIONS = YES;
				CLANG_WARN_DIRECT_OBJC_ISA_USAGE = YES_ERROR;
				CLANG_WARN_DOCUMENTATION_COMMENTS = YES;
				CLANG_WARN_EMPTY_BODY = YES;
				CLANG_WARN_ENUM_CONVERSION = YES;
				CLANG_WARN_INFINITE_RECURSION = YES;
				CLANG_WARN_INT_CONVERSION = YES;
				CLANG_WARN_NON_LITERAL_NULL_CONVERSION = YES;
				CLANG_WARN_OBJC_IMPLICIT_RETAIN_SELF = YES;
				CLANG_WARN_OBJC_LITERAL_CONVERSION = YES;
				CLANG_WARN_OBJC_ROOT_CLASS = YES_ERROR;
				CLANG_WARN_QUOTED_INCLUDE_IN_FRAMEWORK_HEADER = YES;
				CLANG_WARN_RANGE_LOOP_ANALYSIS = YES;
				CLANG_WARN_STRICT_PROTOTYPES = YES;
				CLANG_WARN_SUSPICIOUS_MOVE = YES;
				CLANG_WARN_UNGUARDED_AVAILABILITY = YES_AGGRESSIVE;
				CLANG_WARN_UNREACHABLE_CODE = YES;
				CLANG_WARN__DUPLICATE_METHOD_MATCH = YES;
				COPY_PHASE_STRIP = NO;
				DEBUG_INFORMATION_FORMAT = "dwarf-with-dsym";
				ENABLE_NS_ASSERTIONS = NO;
				ENABLE_STRICT_OBJC_MSGSEND = YES;
				GCC_C_LANGUAGE_STANDARD = gnu11;
				GCC_NO_COMMON_BLOCKS = YES;
				GCC_WARN_64_TO_32_BIT_CONVERSION = YES;
				GCC_WARN_ABOUT_RETURN_TYPE = YES_ERROR;
				GCC_WARN_UNDECLARED_SELECTOR = YES;
				GCC_WARN_UNINITIALIZED_AUTOS = YES_AGGRESSIVE;
				GCC_WARN_UNUSED_FUNCTION = YES;
				GCC_WARN_UNUSED_VARIABLE = YES;
				IPHONEOS_DEPLOYMENT_TARGET = 16.0;
				MTL_ENABLE_DEBUG_INFO = NO;
				MTL_FAST_MATH = YES;
				SDKROOT = iphoneos;
				SWIFT_COMPILATION_MODE = wholemodule;
				SWIFT_OPTIMIZATION_LEVEL = "-O";
				VALIDATE_PRODUCT = YES;
			};
			name = Release;
		};
		ACEBB73A29C3B2AA009D67BD /* Debug */ = {
			isa = XCBuildConfiguration;
			buildSettings = {
				ASSETCATALOG_COMPILER_APPICON_NAME = AppIcon;
				ASSETCATALOG_COMPILER_GLOBAL_ACCENT_COLOR_NAME = AccentColor;
				CODE_SIGN_STYLE = Automatic;
				CURRENT_PROJECT_VERSION = 1;
				GENERATE_INFOPLIST_FILE = YES;
				INFOPLIST_FILE = SmartyMarty/Info.plist;
				INFOPLIST_KEY_CFBundleDisplayName = SmartyMarty;
				INFOPLIST_KEY_UIApplicationSupportsIndirectInputEvents = YES;
				INFOPLIST_KEY_UILaunchStoryboardName = LaunchScreen;
				INFOPLIST_KEY_UIMainStoryboardFile = Main;
				INFOPLIST_KEY_UISupportedInterfaceOrientations_iPad = "UIInterfaceOrientationPortrait UIInterfaceOrientationPortraitUpsideDown UIInterfaceOrientationLandscapeLeft UIInterfaceOrientationLandscapeRight";
				INFOPLIST_KEY_UISupportedInterfaceOrientations_iPhone = "UIInterfaceOrientationPortrait UIInterfaceOrientationLandscapeLeft UIInterfaceOrientationLandscapeRight";
				IPHONEOS_DEPLOYMENT_TARGET = 15.0;
				LD_RUNPATH_SEARCH_PATHS = (
					"$(inherited)",
					"@executable_path/Frameworks",
				);
				MARKETING_VERSION = 1.0;
				PRODUCT_BUNDLE_IDENTIFIER = kafanasiev.SmartyMarty;
				PRODUCT_NAME = "$(TARGET_NAME)";
				SWIFT_EMIT_LOC_STRINGS = YES;
				SWIFT_VERSION = 5.0;
				TARGETED_DEVICE_FAMILY = "1,2";
			};
			name = Debug;
		};
		ACEBB73B29C3B2AA009D67BD /* Release */ = {
			isa = XCBuildConfiguration;
			buildSettings = {
				ASSETCATALOG_COMPILER_APPICON_NAME = AppIcon;
				ASSETCATALOG_COMPILER_GLOBAL_ACCENT_COLOR_NAME = AccentColor;
				CODE_SIGN_STYLE = Automatic;
				CURRENT_PROJECT_VERSION = 1;
				GENERATE_INFOPLIST_FILE = YES;
				INFOPLIST_FILE = SmartyMarty/Info.plist;
				INFOPLIST_KEY_CFBundleDisplayName = SmartyMarty;
				INFOPLIST_KEY_UIApplicationSupportsIndirectInputEvents = YES;
				INFOPLIST_KEY_UILaunchStoryboardName = LaunchScreen;
				INFOPLIST_KEY_UIMainStoryboardFile = Main;
				INFOPLIST_KEY_UISupportedInterfaceOrientations_iPad = "UIInterfaceOrientationPortrait UIInterfaceOrientationPortraitUpsideDown UIInterfaceOrientationLandscapeLeft UIInterfaceOrientationLandscapeRight";
				INFOPLIST_KEY_UISupportedInterfaceOrientations_iPhone = "UIInterfaceOrientationPortrait UIInterfaceOrientationLandscapeLeft UIInterfaceOrientationLandscapeRight";
				IPHONEOS_DEPLOYMENT_TARGET = 15.0;
				LD_RUNPATH_SEARCH_PATHS = (
					"$(inherited)",
					"@executable_path/Frameworks",
				);
				MARKETING_VERSION = 1.0;
				PRODUCT_BUNDLE_IDENTIFIER = kafanasiev.SmartyMarty;
				PRODUCT_NAME = "$(TARGET_NAME)";
				SWIFT_EMIT_LOC_STRINGS = YES;
				SWIFT_VERSION = 5.0;
				TARGETED_DEVICE_FAMILY = "1,2";
			};
			name = Release;
		};
/* End XCBuildConfiguration section */

/* Begin XCConfigurationList section */
		ACEBB72029C3B2A9009D67BD /* Build configuration list for PBXProject "SmartyMarty" */ = {
			isa = XCConfigurationList;
			buildConfigurations = (
				ACEBB73729C3B2AA009D67BD /* Debug */,
				ACEBB73829C3B2AA009D67BD /* Release */,
			);
			defaultConfigurationIsVisible = 0;
			defaultConfigurationName = Release;
		};
		ACEBB73929C3B2AA009D67BD /* Build configuration list for PBXNativeTarget "SmartyMarty" */ = {
			isa = XCConfigurationList;
			buildConfigurations = (
				ACEBB73A29C3B2AA009D67BD /* Debug */,
				ACEBB73B29C3B2AA009D67BD /* Release */,
			);
			defaultConfigurationIsVisible = 0;
			defaultConfigurationName = Release;
		};
/* End XCConfigurationList section */
	};
	rootObject = ACEBB71D29C3B2A9009D67BD /* Project object */;
}
